
Microsoft Visual Studio Solution File, Format Version 12.00
# Visual Studio Version 16
VisualStudioVersion = 16.0.31004.235
MinimumVisualStudioVersion = 10.0.40219.1
Project("{8BC9CEB8-8B4A-11D0-8D11-00A0C91BC942}") = "WinUIDesktopApp", "WinUIDesktopApp\WinUIDesktopApp.vcxproj", "{774C075E-F43B-450E-9AA6-8DEE95285C37}"
EndProject
Project("{C7167F0D-BC9F-4E6E-AFE1-012C56B48DB5}") = "WinUIDesktopApp (Package)", "WinUIDesktopApp (Package)\WinUIDesktopApp (Package).wapproj", "{BA96940D-ECAD-4B6A-8BE8-80EBB479C822}"
EndProject
Global
	GlobalSection(SolutionConfigurationPlatforms) = preSolution
		Debug|arm64 = Debug|arm64
		Debug|x64 = Debug|x64
		Debug|x86 = Debug|x86
		Release|arm64 = Release|arm64
		Release|x64 = Release|x64
		Release|x86 = Release|x86
	EndGlobalSection
	GlobalSection(ProjectConfigurationPlatforms) = postSolution
		{774C075E-F43B-450E-9AA6-8DEE95285C37}.Debug|arm64.ActiveCfg = Debug|arm64
		{774C075E-F43B-450E-9AA6-8DEE95285C37}.Debug|arm64.Build.0 = Debug|arm64
		{774C075E-F43B-450E-9AA6-8DEE95285C37}.Debug|x64.ActiveCfg = Debug|x64
		{774C075E-F43B-450E-9AA6-8DEE95285C37}.Debug|x64.Build.0 = Debug|x64
		{774C075E-F43B-450E-9AA6-8DEE95285C37}.Debug|x86.ActiveCfg = Debug|Win32
		{774C075E-F43B-450E-9AA6-8DEE95285C37}.Debug|x86.Build.0 = Debug|Win32
		{774C075E-F43B-450E-9AA6-8DEE95285C37}.Release|arm64.ActiveCfg = Release|arm64
		{774C075E-F43B-450E-9AA6-8DEE95285C37}.Release|arm64.Build.0 = Release|arm64
		{774C075E-F43B-450E-9AA6-8DEE95285C37}.Release|x64.ActiveCfg = Release|x64
		{774C075E-F43B-450E-9AA6-8DEE95285C37}.Release|x64.Build.0 = Release|x64
		{774C075E-F43B-450E-9AA6-8DEE95285C37}.Release|x86.ActiveCfg = Release|Win32
		{774C075E-F43B-450E-9AA6-8DEE95285C37}.Release|x86.Build.0 = Release|Win32
		{BA96940D-ECAD-4B6A-8BE8-80EBB479C822}.Debug|arm64.ActiveCfg = Debug|arm64
		{BA96940D-ECAD-4B6A-8BE8-80EBB479C822}.Debug|arm64.Build.0 = Debug|arm64
		{BA96940D-ECAD-4B6A-8BE8-80EBB479C822}.Debug|arm64.Deploy.0 = Debug|arm64
		{BA96940D-ECAD-4B6A-8BE8-80EBB479C822}.Debug|x64.ActiveCfg = Debug|x64
		{BA96940D-ECAD-4B6A-8BE8-80EBB479C822}.Debug|x64.Build.0 = Debug|x64
		{BA96940D-ECAD-4B6A-8BE8-80EBB479C822}.Debug|x64.Deploy.0 = Debug|x64
		{BA96940D-ECAD-4B6A-8BE8-80EBB479C822}.Debug|x86.ActiveCfg = Debug|x86
		{BA96940D-ECAD-4B6A-8BE8-80EBB479C822}.Debug|x86.Build.0 = Debug|x86
		{BA96940D-ECAD-4B6A-8BE8-80EBB479C822}.Debug|x86.Deploy.0 = Debug|x86
		{BA96940D-ECAD-4B6A-8BE8-80EBB479C822}.Release|arm64.ActiveCfg = Release|arm64
		{BA96940D-ECAD-4B6A-8BE8-80EBB479C822}.Release|arm64.Build.0 = Release|arm64
		{BA96940D-ECAD-4B6A-8BE8-80EBB479C822}.Release|arm64.Deploy.0 = Release|arm64
		{BA96940D-ECAD-4B6A-8BE8-80EBB479C822}.Release|x64.ActiveCfg = Release|x64
		{BA96940D-ECAD-4B6A-8BE8-80EBB479C822}.Release|x64.Build.0 = Release|x64
		{BA96940D-ECAD-4B6A-8BE8-80EBB479C822}.Release|x64.Deploy.0 = Release|x64
		{BA96940D-ECAD-4B6A-8BE8-80EBB479C822}.Release|x86.ActiveCfg = Release|x86
		{BA96940D-ECAD-4B6A-8BE8-80EBB479C822}.Release|x86.Build.0 = Release|x86
		{BA96940D-ECAD-4B6A-8BE8-80EBB479C822}.Release|x86.Deploy.0 = Release|x86
	EndGlobalSection
	GlobalSection(SolutionProperties) = preSolution
		HideSolutionNode = FALSE
	EndGlobalSection
	GlobalSection(ExtensibilityGlobals) = postSolution
		SolutionGuid = {AD7E29F7-919E-4136-A718-12133B9FA389}
	EndGlobalSection
EndGlobal
