
Microsoft Visual Studio Solution File, Format Version 12.00
# Visual Studio 15
VisualStudioVersion = 15.0.26430.14
MinimumVisualStudioVersion = 10.0.40219.1
Project("{FAE04EC0-301F-11D3-BF4B-00C04F79EFBC}") = "VideoResume.MVVMBasic", "VideoResume.MVVMBasic\VideoResume.MVVMBasic.csproj", "{DC675F1E-4768-4E3D-B55B-760A0087CCCC}"
EndProject
Global
	GlobalSection(SolutionConfigurationPlatforms) = preSolution
		Debug|ARM = Debug|ARM
		Debug|x64 = Debug|x64
		Debug|x86 = Debug|x86
		Release|ARM = Release|ARM
		Release|x64 = Release|x64
		Release|x86 = Release|x86
	EndGlobalSection
	GlobalSection(ProjectConfigurationPlatforms) = postSolution
		{DC675F1E-4768-4E3D-B55B-760A0087CCCC}.Debug|ARM.ActiveCfg = Debug|ARM
		{DC675F1E-4768-4E3D-B55B-760A0087CCCC}.Debug|ARM.Build.0 = Debug|ARM
		{DC675F1E-4768-4E3D-B55B-760A0087CCCC}.Debug|ARM.Deploy.0 = Debug|ARM
		{DC675F1E-4768-4E3D-B55B-760A0087CCCC}.Debug|x64.ActiveCfg = Debug|x64
		{DC675F1E-4768-4E3D-B55B-760A0087CCCC}.Debug|x64.Build.0 = Debug|x64
		{DC675F1E-4768-4E3D-B55B-760A0087CCCC}.Debug|x64.Deploy.0 = Debug|x64
		{DC675F1E-4768-4E3D-B55B-760A0087CCCC}.Debug|x86.ActiveCfg = Debug|x86
		{DC675F1E-4768-4E3D-B55B-760A0087CCCC}.Debug|x86.Build.0 = Debug|x86
		{DC675F1E-4768-4E3D-B55B-760A0087CCCC}.Debug|x86.Deploy.0 = Debug|x86
		{DC675F1E-4768-4E3D-B55B-760A0087CCCC}.Release|ARM.ActiveCfg = Release|ARM
		{DC675F1E-4768-4E3D-B55B-760A0087CCCC}.Release|ARM.Build.0 = Release|ARM
		{DC675F1E-4768-4E3D-B55B-760A0087CCCC}.Release|ARM.Deploy.0 = Release|ARM
		{DC675F1E-4768-4E3D-B55B-760A0087CCCC}.Release|x64.ActiveCfg = Release|x64
		{DC675F1E-4768-4E3D-B55B-760A0087CCCC}.Release|x64.Build.0 = Release|x64
		{DC675F1E-4768-4E3D-B55B-760A0087CCCC}.Release|x64.Deploy.0 = Release|x64
		{DC675F1E-4768-4E3D-B55B-760A0087CCCC}.Release|x86.ActiveCfg = Release|x86
		{DC675F1E-4768-4E3D-B55B-760A0087CCCC}.Release|x86.Build.0 = Release|x86
		{DC675F1E-4768-4E3D-B55B-760A0087CCCC}.Release|x86.Deploy.0 = Release|x86
	EndGlobalSection
	GlobalSection(SolutionProperties) = preSolution
		HideSolutionNode = FALSE
	EndGlobalSection
EndGlobal
