
Microsoft Visual Studio Solution File, Format Version 12.00
# Visual Studio 15
VisualStudioVersion = 15.0.26127.0
MinimumVisualStudioVersion = 10.0.40219.1
Project("{2150E333-8FDC-42A3-9474-1A3956D46DE8}") = "test", "test", "{481CC407-92E7-42A9-AD6E-AA157E5D40C3}"
EndProject
Project("{FAE04EC0-301F-11D3-BF4B-00C04F79EFBC}") = "Core.Test", "test\Core.Test\Core.Test.csproj", "{8E03F5DD-ED89-4A68-9801-E1C1EC288DD7}"
EndProject
Project("{FAE04EC0-301F-11D3-BF4B-00C04F79EFBC}") = "VsEmulator", "test\VsEmulator\VsEmulator.csproj", "{272B516C-0D73-4BA6-A97E-5C82D5C02ABD}"
EndProject
Project("{FAE04EC0-301F-11D3-BF4B-00C04F79EFBC}") = "Core", "src\Core\Core.csproj", "{51DDB424-2DA2-4871-A042-4F4F9B622515}"
EndProject
Project("{FAE04EC0-301F-11D3-BF4B-00C04F79EFBC}") = "CSharp.UWP.Solution", "src\Vspt\CSharp.UWP.Solution\CSharp.UWP.Solution.csproj", "{D5E1C23A-7547-412A-82F1-F00C34622C1E}"
EndProject
Project("{FAE04EC0-301F-11D3-BF4B-00C04F79EFBC}") = "Wizard", "src\Wizard\Wizard.csproj", "{9E58EACC-C798-43A0-89A0-A5A32815272D}"
EndProject
Project("{2150E333-8FDC-42A3-9474-1A3956D46DE8}") = "Vspt", "Vspt", "{428D8EC8-DF58-4921-B464-967086C924A4}"
EndProject
Project("{2150E333-8FDC-42A3-9474-1A3956D46DE8}") = "_tools", "_tools", "{85F5D200-F318-4B12-981F-8DECF8FA3078}"
	ProjectSection(SolutionItems) = preProject
		_tools\NuGet.exe = _tools\NuGet.exe
	EndProjectSection
EndProject
Project("{FAE04EC0-301F-11D3-BF4B-00C04F79EFBC}") = "Vsix", "src\Vsix\Vsix.csproj", "{BB30852B-672A-4EBF-BE58-BC63F6D3C0DE}"
EndProject
Project("{FAE04EC0-301F-11D3-BF4B-00C04F79EFBC}") = "Templates.Test", "test\Templates.Test\Templates.Test.csproj", "{1EE12A16-FE11-43AD-B509-668CE5D0DB16}"
EndProject
Project("{FAE04EC0-301F-11D3-BF4B-00C04F79EFBC}") = "Artifacts", "test\Artifacts\Artifacts.csproj", "{FB3C81AD-823E-409C-BF6D-27534B84A8AF}"
EndProject
Global
	GlobalSection(SolutionConfigurationPlatforms) = preSolution
		Debug|Any CPU = Debug|Any CPU
		Release|Any CPU = Release|Any CPU
	EndGlobalSection
	GlobalSection(ProjectConfigurationPlatforms) = postSolution
		{8E03F5DD-ED89-4A68-9801-E1C1EC288DD7}.Debug|Any CPU.ActiveCfg = Debug|Any CPU
		{8E03F5DD-ED89-4A68-9801-E1C1EC288DD7}.Debug|Any CPU.Build.0 = Debug|Any CPU
		{8E03F5DD-ED89-4A68-9801-E1C1EC288DD7}.Release|Any CPU.ActiveCfg = Release|Any CPU
		{8E03F5DD-ED89-4A68-9801-E1C1EC288DD7}.Release|Any CPU.Build.0 = Release|Any CPU
		{272B516C-0D73-4BA6-A97E-5C82D5C02ABD}.Debug|Any CPU.ActiveCfg = Debug|Any CPU
		{272B516C-0D73-4BA6-A97E-5C82D5C02ABD}.Debug|Any CPU.Build.0 = Debug|Any CPU
		{272B516C-0D73-4BA6-A97E-5C82D5C02ABD}.Release|Any CPU.ActiveCfg = Release|Any CPU
		{272B516C-0D73-4BA6-A97E-5C82D5C02ABD}.Release|Any CPU.Build.0 = Release|Any CPU
		{51DDB424-2DA2-4871-A042-4F4F9B622515}.Debug|Any CPU.ActiveCfg = Debug|Any CPU
		{51DDB424-2DA2-4871-A042-4F4F9B622515}.Debug|Any CPU.Build.0 = Debug|Any CPU
		{51DDB424-2DA2-4871-A042-4F4F9B622515}.Release|Any CPU.ActiveCfg = Release|Any CPU
		{51DDB424-2DA2-4871-A042-4F4F9B622515}.Release|Any CPU.Build.0 = Release|Any CPU
		{D5E1C23A-7547-412A-82F1-F00C34622C1E}.Debug|Any CPU.ActiveCfg = Debug|Any CPU
		{D5E1C23A-7547-412A-82F1-F00C34622C1E}.Debug|Any CPU.Build.0 = Debug|Any CPU
		{D5E1C23A-7547-412A-82F1-F00C34622C1E}.Release|Any CPU.ActiveCfg = Release|Any CPU
		{D5E1C23A-7547-412A-82F1-F00C34622C1E}.Release|Any CPU.Build.0 = Release|Any CPU
		{9E58EACC-C798-43A0-89A0-A5A32815272D}.Debug|Any CPU.ActiveCfg = Debug|Any CPU
		{9E58EACC-C798-43A0-89A0-A5A32815272D}.Debug|Any CPU.Build.0 = Debug|Any CPU
		{9E58EACC-C798-43A0-89A0-A5A32815272D}.Release|Any CPU.ActiveCfg = Release|Any CPU
		{9E58EACC-C798-43A0-89A0-A5A32815272D}.Release|Any CPU.Build.0 = Release|Any CPU
		{BB30852B-672A-4EBF-BE58-BC63F6D3C0DE}.Debug|Any CPU.ActiveCfg = Debug|Any CPU
		{BB30852B-672A-4EBF-BE58-BC63F6D3C0DE}.Debug|Any CPU.Build.0 = Debug|Any CPU
		{BB30852B-672A-4EBF-BE58-BC63F6D3C0DE}.Release|Any CPU.ActiveCfg = Release|Any CPU
		{BB30852B-672A-4EBF-BE58-BC63F6D3C0DE}.Release|Any CPU.Build.0 = Release|Any CPU
		{1EE12A16-FE11-43AD-B509-668CE5D0DB16}.Debug|Any CPU.ActiveCfg = Debug|Any CPU
		{1EE12A16-FE11-43AD-B509-668CE5D0DB16}.Debug|Any CPU.Build.0 = Debug|Any CPU
		{1EE12A16-FE11-43AD-B509-668CE5D0DB16}.Release|Any CPU.ActiveCfg = Release|Any CPU
		{1EE12A16-FE11-43AD-B509-668CE5D0DB16}.Release|Any CPU.Build.0 = Release|Any CPU
		{FB3C81AD-823E-409C-BF6D-27534B84A8AF}.Debug|Any CPU.ActiveCfg = Debug|Any CPU
		{FB3C81AD-823E-409C-BF6D-27534B84A8AF}.Debug|Any CPU.Build.0 = Debug|Any CPU
		{FB3C81AD-823E-409C-BF6D-27534B84A8AF}.Release|Any CPU.ActiveCfg = Release|Any CPU
		{FB3C81AD-823E-409C-BF6D-27534B84A8AF}.Release|Any CPU.Build.0 = Release|Any CPU
	EndGlobalSection
	GlobalSection(SolutionProperties) = preSolution
		HideSolutionNode = FALSE
	EndGlobalSection
	GlobalSection(NestedProjects) = preSolution
		{8E03F5DD-ED89-4A68-9801-E1C1EC288DD7} = {481CC407-92E7-42A9-AD6E-AA157E5D40C3}
		{272B516C-0D73-4BA6-A97E-5C82D5C02ABD} = {481CC407-92E7-42A9-AD6E-AA157E5D40C3}
		{D5E1C23A-7547-412A-82F1-F00C34622C1E} = {428D8EC8-DF58-4921-B464-967086C924A4}
		{1EE12A16-FE11-43AD-B509-668CE5D0DB16} = {481CC407-92E7-42A9-AD6E-AA157E5D40C3}
		{FB3C81AD-823E-409C-BF6D-27534B84A8AF} = {481CC407-92E7-42A9-AD6E-AA157E5D40C3}
	EndGlobalSection
EndGlobal
