
Microsoft Visual Studio Solution File, Format Version 12.00
# Visual Studio Version 16
VisualStudioVersion = 16.0.29806.167
MinimumVisualStudioVersion = 10.0.40219.1
Project("{2150E333-8FDC-42A3-9474-1A3956D46DE8}") = "test", "test", "{481CC407-92E7-42A9-AD6E-AA157E5D40C3}"
EndProject
Project("{FAE04EC0-301F-11D3-BF4B-00C04F79EFBC}") = "VsEmulator", "test\VsEmulator\VsEmulator.csproj", "{272B516C-0D73-4BA6-A97E-5C82D5C02ABD}"
EndProject
Project("{2150E333-8FDC-42A3-9474-1A3956D46DE8}") = "ProjectTemplates", "ProjectTemplates", "{428D8EC8-DF58-4921-B464-967086C924A4}"
EndProject
Project("{2150E333-8FDC-42A3-9474-1A3956D46DE8}") = "_tools", "_tools", "{85F5D200-F318-4B12-981F-8DECF8FA3078}"
	ProjectSection(SolutionItems) = preProject
		_tools\NuGet.exe = _tools\NuGet.exe
	EndProjectSection
EndProject
Project("{FAE04EC0-301F-11D3-BF4B-00C04F79EFBC}") = "Templates.Test", "test\Templates.Test\Templates.Test.csproj", "{1EE12A16-FE11-43AD-B509-668CE5D0DB16}"
EndProject
Project("{FAE04EC0-301F-11D3-BF4B-00C04F79EFBC}") = "Installer", "src\Installer\Installer.csproj", "{BB30852B-672A-4EBF-BE58-BC63F6D3C0DE}"
EndProject
Project("{FAE04EC0-301F-11D3-BF4B-00C04F79EFBC}") = "CSharp.UWP.Solution", "src\ProjectTemplates\CSharp.UWP.Solution\CSharp.UWP.Solution.csproj", "{D5E1C23A-7547-412A-82F1-F00C34622C1E}"
EndProject
Project("{FAE04EC0-301F-11D3-BF4B-00C04F79EFBC}") = "VBNet.UWP.Solution", "src\ProjectTemplates\VBNet.UWP.Solution\VBNet.UWP.Solution.csproj", "{2B997E0A-16C8-4B8E-810A-D1D7DAFBD760}"
EndProject
Project("{FAE04EC0-301F-11D3-BF4B-00C04F79EFBC}") = "UI", "src\UI\UI.csproj", "{DCFD282D-D91C-49B5-8DBF-D943BAFEF5AA}"
EndProject
Project("{2150E333-8FDC-42A3-9474-1A3956D46DE8}") = "Solution Items", "Solution Items", "{27462C12-6799-4289-A2E4-01B1491E8A73}"
	ProjectSection(SolutionItems) = preProject
		..\.editorconfig = ..\.editorconfig
		GlobalSuppressions.cs = GlobalSuppressions.cs
		StyleCop.json = StyleCop.json
		TestCert.pfx = TestCert.pfx
		WtsRules.ruleset = WtsRules.ruleset
		WtsRulesTests.ruleset = WtsRulesTests.ruleset
	EndProjectSection
EndProject
Project("{FAE04EC0-301F-11D3-BF4B-00C04F79EFBC}") = "Fakes", "test\Fakes\Fakes.csproj", "{FB3C81AD-823E-409C-BF6D-27534B84A8AF}"
EndProject
Project("{FAE04EC0-301F-11D3-BF4B-00C04F79EFBC}") = "Localization", "tools\Localization\Localization.csproj", "{84900DD1-8F31-4D6F-8C8A-0BAAC25829DA}"
EndProject
Project("{FAE04EC0-301F-11D3-BF4B-00C04F79EFBC}") = "UI.Test", "test\UI.Test\UI.Test.csproj", "{EF7BAA17-A68C-49AA-AA3A-1FE38BEA0306}"
EndProject
Project("{FAE04EC0-301F-11D3-BF4B-00C04F79EFBC}") = "TemplateValidator", "tools\TemplateValidator\TemplateValidator.csproj", "{365ACD5E-0FFE-45A5-80B3-C0873B6BDB08}"
EndProject
Project("{9A19103F-16F7-4668-BE54-9A1E7A4F7556}") = "CoreTemplateStudio.Core", "CoreTemplateStudio\code\src\CoreTemplateStudio\CoreTemplateStudio.Core\CoreTemplateStudio.Core.csproj", "{5F7EE68F-E773-47F3-A490-AF16985CDF6E}"
EndProject
Project("{9A19103F-16F7-4668-BE54-9A1E7A4F7556}") = "CoreTemplateStudio.Core.Test", "CoreTemplateStudio\code\test\CoreTemplateStudio.Core.Test\CoreTemplateStudio.Core.Test.csproj", "{AE9D9D55-3E4F-4632-A7DE-861B831A8E62}"
EndProject
Project("{FAE04EC0-301F-11D3-BF4B-00C04F79EFBC}") = "Utilities", "CoreTemplateStudio\code\src\Utilities\Utilities.csproj", "{356EADB6-D826-494D-B5E1-41245159D5AE}"
EndProject
Project("{FAE04EC0-301F-11D3-BF4B-00C04F79EFBC}") = "Utilities.Test", "CoreTemplateStudio\code\test\Utilities.Test\Utilities.Test.csproj", "{80D4D7E7-FA07-4A43-A5A4-F3089CD3EB81}"
EndProject
Project("{FAE04EC0-301F-11D3-BF4B-00C04F79EFBC}") = "WtsPackagingTool", "CoreTemplateStudio\code\tools\WtsPackagingTool\WtsPackagingTool.csproj", "{18FE7361-241E-4B1B-98F5-C4A4D17496A0}"
EndProject
Project("{FAE04EC0-301F-11D3-BF4B-00C04F79EFBC}") = "CSharp.WPF.Solution", "src\ProjectTemplates\CSharp.WPF.Solution\CSharp.WPF.Solution.csproj", "{F8DBFD78-6A5B-41E0-A197-5AAA50C51DCB}"
EndProject
Project("{FAE04EC0-301F-11D3-BF4B-00C04F79EFBC}") = "CSharp.WinUI.Solution", "src\ProjectTemplates\CSharp.WinUI.Solution\CSharp.WinUI.Solution.csproj", "{B8A19CAA-1D90-49B0-925F-37C302CA4FCD}"
EndProject
Project("{FAE04EC0-301F-11D3-BF4B-00C04F79EFBC}") = "Cpp.WinUI.Desktop.Solution", "src\ProjectTemplates\Cpp.WinUI.Desktop.Solution\Cpp.WinUI.Desktop.Solution.csproj", "{A41F9095-F643-4C37-97E2-5D9E5EB6F305}"
EndProject
Project("{FAE04EC0-301F-11D3-BF4B-00C04F79EFBC}") = "Cpp.WinUI.Uwp.Solution", "src\ProjectTemplates\Cpp.WinUI.UWP.Solution\Cpp.WinUI.Uwp.Solution.csproj", "{06E23CC2-ECBD-4D4C-B328-3CD13C3D53AF}"
EndProject
Global
	GlobalSection(SolutionConfigurationPlatforms) = preSolution
		Analyze|Any CPU = Analyze|Any CPU
		Debug|Any CPU = Debug|Any CPU
		Release|Any CPU = Release|Any CPU
	EndGlobalSection
	GlobalSection(ProjectConfigurationPlatforms) = postSolution
		{272B516C-0D73-4BA6-A97E-5C82D5C02ABD}.Analyze|Any CPU.ActiveCfg = Analyze|Any CPU
		{272B516C-0D73-4BA6-A97E-5C82D5C02ABD}.Analyze|Any CPU.Build.0 = Analyze|Any CPU
		{272B516C-0D73-4BA6-A97E-5C82D5C02ABD}.Debug|Any CPU.ActiveCfg = Debug|Any CPU
		{272B516C-0D73-4BA6-A97E-5C82D5C02ABD}.Debug|Any CPU.Build.0 = Debug|Any CPU
		{272B516C-0D73-4BA6-A97E-5C82D5C02ABD}.Release|Any CPU.ActiveCfg = Release|Any CPU
		{272B516C-0D73-4BA6-A97E-5C82D5C02ABD}.Release|Any CPU.Build.0 = Release|Any CPU
		{1EE12A16-FE11-43AD-B509-668CE5D0DB16}.Analyze|Any CPU.ActiveCfg = Analyze|Any CPU
		{1EE12A16-FE11-43AD-B509-668CE5D0DB16}.Analyze|Any CPU.Build.0 = Analyze|Any CPU
		{1EE12A16-FE11-43AD-B509-668CE5D0DB16}.Debug|Any CPU.ActiveCfg = Debug|Any CPU
		{1EE12A16-FE11-43AD-B509-668CE5D0DB16}.Debug|Any CPU.Build.0 = Debug|Any CPU
		{1EE12A16-FE11-43AD-B509-668CE5D0DB16}.Release|Any CPU.ActiveCfg = Release|Any CPU
		{1EE12A16-FE11-43AD-B509-668CE5D0DB16}.Release|Any CPU.Build.0 = Release|Any CPU
		{BB30852B-672A-4EBF-BE58-BC63F6D3C0DE}.Analyze|Any CPU.ActiveCfg = Analyze|Any CPU
		{BB30852B-672A-4EBF-BE58-BC63F6D3C0DE}.Analyze|Any CPU.Build.0 = Analyze|Any CPU
		{BB30852B-672A-4EBF-BE58-BC63F6D3C0DE}.Debug|Any CPU.ActiveCfg = Debug|Any CPU
		{BB30852B-672A-4EBF-BE58-BC63F6D3C0DE}.Debug|Any CPU.Build.0 = Debug|Any CPU
		{BB30852B-672A-4EBF-BE58-BC63F6D3C0DE}.Release|Any CPU.ActiveCfg = Release|Any CPU
		{BB30852B-672A-4EBF-BE58-BC63F6D3C0DE}.Release|Any CPU.Build.0 = Release|Any CPU
		{D5E1C23A-7547-412A-82F1-F00C34622C1E}.Analyze|Any CPU.ActiveCfg = Analyze|Any CPU
		{D5E1C23A-7547-412A-82F1-F00C34622C1E}.Analyze|Any CPU.Build.0 = Analyze|Any CPU
		{D5E1C23A-7547-412A-82F1-F00C34622C1E}.Debug|Any CPU.ActiveCfg = Debug|Any CPU
		{D5E1C23A-7547-412A-82F1-F00C34622C1E}.Debug|Any CPU.Build.0 = Debug|Any CPU
		{D5E1C23A-7547-412A-82F1-F00C34622C1E}.Release|Any CPU.ActiveCfg = Release|Any CPU
		{D5E1C23A-7547-412A-82F1-F00C34622C1E}.Release|Any CPU.Build.0 = Release|Any CPU
		{2B997E0A-16C8-4B8E-810A-D1D7DAFBD760}.Analyze|Any CPU.ActiveCfg = Analyze|Any CPU
		{2B997E0A-16C8-4B8E-810A-D1D7DAFBD760}.Analyze|Any CPU.Build.0 = Analyze|Any CPU
		{2B997E0A-16C8-4B8E-810A-D1D7DAFBD760}.Debug|Any CPU.ActiveCfg = Debug|Any CPU
		{2B997E0A-16C8-4B8E-810A-D1D7DAFBD760}.Debug|Any CPU.Build.0 = Debug|Any CPU
		{2B997E0A-16C8-4B8E-810A-D1D7DAFBD760}.Release|Any CPU.ActiveCfg = Release|Any CPU
		{2B997E0A-16C8-4B8E-810A-D1D7DAFBD760}.Release|Any CPU.Build.0 = Release|Any CPU
		{DCFD282D-D91C-49B5-8DBF-D943BAFEF5AA}.Analyze|Any CPU.ActiveCfg = Analyze|Any CPU
		{DCFD282D-D91C-49B5-8DBF-D943BAFEF5AA}.Analyze|Any CPU.Build.0 = Analyze|Any CPU
		{DCFD282D-D91C-49B5-8DBF-D943BAFEF5AA}.Debug|Any CPU.ActiveCfg = Debug|Any CPU
		{DCFD282D-D91C-49B5-8DBF-D943BAFEF5AA}.Debug|Any CPU.Build.0 = Debug|Any CPU
		{DCFD282D-D91C-49B5-8DBF-D943BAFEF5AA}.Release|Any CPU.ActiveCfg = Release|Any CPU
		{DCFD282D-D91C-49B5-8DBF-D943BAFEF5AA}.Release|Any CPU.Build.0 = Release|Any CPU
		{FB3C81AD-823E-409C-BF6D-27534B84A8AF}.Analyze|Any CPU.ActiveCfg = Analyze|Any CPU
		{FB3C81AD-823E-409C-BF6D-27534B84A8AF}.Analyze|Any CPU.Build.0 = Analyze|Any CPU
		{FB3C81AD-823E-409C-BF6D-27534B84A8AF}.Debug|Any CPU.ActiveCfg = Debug|Any CPU
		{FB3C81AD-823E-409C-BF6D-27534B84A8AF}.Debug|Any CPU.Build.0 = Debug|Any CPU
		{FB3C81AD-823E-409C-BF6D-27534B84A8AF}.Release|Any CPU.ActiveCfg = Release|Any CPU
		{FB3C81AD-823E-409C-BF6D-27534B84A8AF}.Release|Any CPU.Build.0 = Release|Any CPU
		{84900DD1-8F31-4D6F-8C8A-0BAAC25829DA}.Analyze|Any CPU.ActiveCfg = Analyze|Any CPU
		{84900DD1-8F31-4D6F-8C8A-0BAAC25829DA}.Analyze|Any CPU.Build.0 = Analyze|Any CPU
		{84900DD1-8F31-4D6F-8C8A-0BAAC25829DA}.Debug|Any CPU.ActiveCfg = Debug|Any CPU
		{84900DD1-8F31-4D6F-8C8A-0BAAC25829DA}.Debug|Any CPU.Build.0 = Debug|Any CPU
		{84900DD1-8F31-4D6F-8C8A-0BAAC25829DA}.Release|Any CPU.ActiveCfg = Release|Any CPU
		{84900DD1-8F31-4D6F-8C8A-0BAAC25829DA}.Release|Any CPU.Build.0 = Release|Any CPU
		{EF7BAA17-A68C-49AA-AA3A-1FE38BEA0306}.Analyze|Any CPU.ActiveCfg = Analyze|Any CPU
		{EF7BAA17-A68C-49AA-AA3A-1FE38BEA0306}.Analyze|Any CPU.Build.0 = Analyze|Any CPU
		{EF7BAA17-A68C-49AA-AA3A-1FE38BEA0306}.Debug|Any CPU.ActiveCfg = Debug|Any CPU
		{EF7BAA17-A68C-49AA-AA3A-1FE38BEA0306}.Debug|Any CPU.Build.0 = Debug|Any CPU
		{EF7BAA17-A68C-49AA-AA3A-1FE38BEA0306}.Release|Any CPU.ActiveCfg = Release|Any CPU
		{EF7BAA17-A68C-49AA-AA3A-1FE38BEA0306}.Release|Any CPU.Build.0 = Release|Any CPU
		{365ACD5E-0FFE-45A5-80B3-C0873B6BDB08}.Analyze|Any CPU.ActiveCfg = Analyze|Any CPU
		{365ACD5E-0FFE-45A5-80B3-C0873B6BDB08}.Analyze|Any CPU.Build.0 = Analyze|Any CPU
		{365ACD5E-0FFE-45A5-80B3-C0873B6BDB08}.Debug|Any CPU.ActiveCfg = Debug|Any CPU
		{365ACD5E-0FFE-45A5-80B3-C0873B6BDB08}.Debug|Any CPU.Build.0 = Debug|Any CPU
		{365ACD5E-0FFE-45A5-80B3-C0873B6BDB08}.Release|Any CPU.ActiveCfg = Release|Any CPU
		{365ACD5E-0FFE-45A5-80B3-C0873B6BDB08}.Release|Any CPU.Build.0 = Release|Any CPU
		{5F7EE68F-E773-47F3-A490-AF16985CDF6E}.Analyze|Any CPU.ActiveCfg = Analyze|Any CPU
		{5F7EE68F-E773-47F3-A490-AF16985CDF6E}.Analyze|Any CPU.Build.0 = Analyze|Any CPU
		{5F7EE68F-E773-47F3-A490-AF16985CDF6E}.Debug|Any CPU.ActiveCfg = Debug|Any CPU
		{5F7EE68F-E773-47F3-A490-AF16985CDF6E}.Debug|Any CPU.Build.0 = Debug|Any CPU
		{5F7EE68F-E773-47F3-A490-AF16985CDF6E}.Release|Any CPU.ActiveCfg = Release|Any CPU
		{5F7EE68F-E773-47F3-A490-AF16985CDF6E}.Release|Any CPU.Build.0 = Release|Any CPU
		{AE9D9D55-3E4F-4632-A7DE-861B831A8E62}.Analyze|Any CPU.ActiveCfg = Analyze|Any CPU
		{AE9D9D55-3E4F-4632-A7DE-861B831A8E62}.Analyze|Any CPU.Build.0 = Analyze|Any CPU
		{AE9D9D55-3E4F-4632-A7DE-861B831A8E62}.Debug|Any CPU.ActiveCfg = Debug|Any CPU
		{AE9D9D55-3E4F-4632-A7DE-861B831A8E62}.Debug|Any CPU.Build.0 = Debug|Any CPU
		{AE9D9D55-3E4F-4632-A7DE-861B831A8E62}.Release|Any CPU.ActiveCfg = Release|Any CPU
		{AE9D9D55-3E4F-4632-A7DE-861B831A8E62}.Release|Any CPU.Build.0 = Release|Any CPU
		{356EADB6-D826-494D-B5E1-41245159D5AE}.Analyze|Any CPU.ActiveCfg = Analyze|Any CPU
		{356EADB6-D826-494D-B5E1-41245159D5AE}.Analyze|Any CPU.Build.0 = Analyze|Any CPU
		{356EADB6-D826-494D-B5E1-41245159D5AE}.Debug|Any CPU.ActiveCfg = Debug|Any CPU
		{356EADB6-D826-494D-B5E1-41245159D5AE}.Debug|Any CPU.Build.0 = Debug|Any CPU
		{356EADB6-D826-494D-B5E1-41245159D5AE}.Release|Any CPU.ActiveCfg = Release|Any CPU
		{356EADB6-D826-494D-B5E1-41245159D5AE}.Release|Any CPU.Build.0 = Release|Any CPU
		{80D4D7E7-FA07-4A43-A5A4-F3089CD3EB81}.Analyze|Any CPU.ActiveCfg = Analyze|Any CPU
		{80D4D7E7-FA07-4A43-A5A4-F3089CD3EB81}.Analyze|Any CPU.Build.0 = Analyze|Any CPU
		{80D4D7E7-FA07-4A43-A5A4-F3089CD3EB81}.Debug|Any CPU.ActiveCfg = Debug|Any CPU
		{80D4D7E7-FA07-4A43-A5A4-F3089CD3EB81}.Debug|Any CPU.Build.0 = Debug|Any CPU
		{80D4D7E7-FA07-4A43-A5A4-F3089CD3EB81}.Release|Any CPU.ActiveCfg = Release|Any CPU
		{80D4D7E7-FA07-4A43-A5A4-F3089CD3EB81}.Release|Any CPU.Build.0 = Release|Any CPU
		{18FE7361-241E-4B1B-98F5-C4A4D17496A0}.Analyze|Any CPU.ActiveCfg = Analyze|Any CPU
		{18FE7361-241E-4B1B-98F5-C4A4D17496A0}.Analyze|Any CPU.Build.0 = Analyze|Any CPU
		{18FE7361-241E-4B1B-98F5-C4A4D17496A0}.Debug|Any CPU.ActiveCfg = Debug|Any CPU
		{18FE7361-241E-4B1B-98F5-C4A4D17496A0}.Debug|Any CPU.Build.0 = Debug|Any CPU
		{18FE7361-241E-4B1B-98F5-C4A4D17496A0}.Release|Any CPU.ActiveCfg = Release|Any CPU
		{18FE7361-241E-4B1B-98F5-C4A4D17496A0}.Release|Any CPU.Build.0 = Release|Any CPU
		{F8DBFD78-6A5B-41E0-A197-5AAA50C51DCB}.Analyze|Any CPU.ActiveCfg = Analyze|Any CPU
		{F8DBFD78-6A5B-41E0-A197-5AAA50C51DCB}.Analyze|Any CPU.Build.0 = Analyze|Any CPU
		{F8DBFD78-6A5B-41E0-A197-5AAA50C51DCB}.Debug|Any CPU.ActiveCfg = Debug|Any CPU
		{F8DBFD78-6A5B-41E0-A197-5AAA50C51DCB}.Debug|Any CPU.Build.0 = Debug|Any CPU
		{F8DBFD78-6A5B-41E0-A197-5AAA50C51DCB}.Release|Any CPU.ActiveCfg = Release|Any CPU
		{F8DBFD78-6A5B-41E0-A197-5AAA50C51DCB}.Release|Any CPU.Build.0 = Release|Any CPU
		{B8A19CAA-1D90-49B0-925F-37C302CA4FCD}.Analyze|Any CPU.ActiveCfg = Debug|Any CPU
		{B8A19CAA-1D90-49B0-925F-37C302CA4FCD}.Analyze|Any CPU.Build.0 = Debug|Any CPU
		{B8A19CAA-1D90-49B0-925F-37C302CA4FCD}.Debug|Any CPU.ActiveCfg = Debug|Any CPU
		{B8A19CAA-1D90-49B0-925F-37C302CA4FCD}.Debug|Any CPU.Build.0 = Debug|Any CPU
		{B8A19CAA-1D90-49B0-925F-37C302CA4FCD}.Release|Any CPU.ActiveCfg = Release|Any CPU
		{B8A19CAA-1D90-49B0-925F-37C302CA4FCD}.Release|Any CPU.Build.0 = Release|Any CPU
		{A41F9095-F643-4C37-97E2-5D9E5EB6F305}.Analyze|Any CPU.ActiveCfg = Debug|Any CPU
		{A41F9095-F643-4C37-97E2-5D9E5EB6F305}.Analyze|Any CPU.Build.0 = Debug|Any CPU
		{A41F9095-F643-4C37-97E2-5D9E5EB6F305}.Debug|Any CPU.ActiveCfg = Debug|Any CPU
		{A41F9095-F643-4C37-97E2-5D9E5EB6F305}.Debug|Any CPU.Build.0 = Debug|Any CPU
		{A41F9095-F643-4C37-97E2-5D9E5EB6F305}.Release|Any CPU.ActiveCfg = Release|Any CPU
		{A41F9095-F643-4C37-97E2-5D9E5EB6F305}.Release|Any CPU.Build.0 = Release|Any CPU
		{06E23CC2-ECBD-4D4C-B328-3CD13C3D53AF}.Analyze|Any CPU.ActiveCfg = Debug|Any CPU
		{06E23CC2-ECBD-4D4C-B328-3CD13C3D53AF}.Analyze|Any CPU.Build.0 = Debug|Any CPU
		{06E23CC2-ECBD-4D4C-B328-3CD13C3D53AF}.Debug|Any CPU.ActiveCfg = Debug|Any CPU
		{06E23CC2-ECBD-4D4C-B328-3CD13C3D53AF}.Debug|Any CPU.Build.0 = Debug|Any CPU
		{06E23CC2-ECBD-4D4C-B328-3CD13C3D53AF}.Release|Any CPU.ActiveCfg = Release|Any CPU
		{06E23CC2-ECBD-4D4C-B328-3CD13C3D53AF}.Release|Any CPU.Build.0 = Release|Any CPU
	EndGlobalSection
	GlobalSection(SolutionProperties) = preSolution
		HideSolutionNode = FALSE
	EndGlobalSection
	GlobalSection(NestedProjects) = preSolution
		{272B516C-0D73-4BA6-A97E-5C82D5C02ABD} = {481CC407-92E7-42A9-AD6E-AA157E5D40C3}
		{1EE12A16-FE11-43AD-B509-668CE5D0DB16} = {481CC407-92E7-42A9-AD6E-AA157E5D40C3}
		{D5E1C23A-7547-412A-82F1-F00C34622C1E} = {428D8EC8-DF58-4921-B464-967086C924A4}
		{2B997E0A-16C8-4B8E-810A-D1D7DAFBD760} = {428D8EC8-DF58-4921-B464-967086C924A4}
		{FB3C81AD-823E-409C-BF6D-27534B84A8AF} = {481CC407-92E7-42A9-AD6E-AA157E5D40C3}
		{84900DD1-8F31-4D6F-8C8A-0BAAC25829DA} = {85F5D200-F318-4B12-981F-8DECF8FA3078}
		{EF7BAA17-A68C-49AA-AA3A-1FE38BEA0306} = {481CC407-92E7-42A9-AD6E-AA157E5D40C3}
		{365ACD5E-0FFE-45A5-80B3-C0873B6BDB08} = {85F5D200-F318-4B12-981F-8DECF8FA3078}
		{AE9D9D55-3E4F-4632-A7DE-861B831A8E62} = {481CC407-92E7-42A9-AD6E-AA157E5D40C3}
		{80D4D7E7-FA07-4A43-A5A4-F3089CD3EB81} = {481CC407-92E7-42A9-AD6E-AA157E5D40C3}
		{18FE7361-241E-4B1B-98F5-C4A4D17496A0} = {85F5D200-F318-4B12-981F-8DECF8FA3078}
		{F8DBFD78-6A5B-41E0-A197-5AAA50C51DCB} = {428D8EC8-DF58-4921-B464-967086C924A4}
		{B8A19CAA-1D90-49B0-925F-37C302CA4FCD} = {428D8EC8-DF58-4921-B464-967086C924A4}
		{A41F9095-F643-4C37-97E2-5D9E5EB6F305} = {428D8EC8-DF58-4921-B464-967086C924A4}
		{06E23CC2-ECBD-4D4C-B328-3CD13C3D53AF} = {428D8EC8-DF58-4921-B464-967086C924A4}
	EndGlobalSection
	GlobalSection(ExtensibilityGlobals) = postSolution
		SolutionGuid = {93C24858-2871-47D7-8B91-2DD60E633C6B}
	EndGlobalSection
EndGlobal
