
Microsoft Visual Studio Solution File, Format Version 12.00
# Visual Studio 15
VisualStudioVersion = 15.0.26020.0
MinimumVisualStudioVersion = 10.0.40219.1
Project("{2150E333-8FDC-42A3-9474-1A3956D46DE8}") = "test", "test", "{F1BB87A2-070B-4BAE-8302-2911705D51A9}"
EndProject
Project("{FAE04EC0-301F-11D3-BF4B-00C04F79EFBC}") = "Core", "src\Core\Core.csproj", "{51DDB424-2DA2-4871-A042-4F4F9B622515}"
EndProject
Project("{FAE04EC0-301F-11D3-BF4B-00C04F79EFBC}") = "Wizard", "src\Wizard\Wizard.csproj", "{9E58EACC-C798-43A0-89A0-A5A32815272D}"
EndProject
Project("{FAE04EC0-301F-11D3-BF4B-00C04F79EFBC}") = "Wizard.TestApp", "test\Wizard.TestApp\Wizard.TestApp.csproj", "{272B516C-0D73-4BA6-A97E-5C82D5C02ABD}"
EndProject
Project("{FAE04EC0-301F-11D3-BF4B-00C04F79EFBC}") = "Vsix", "src\Vsix\Vsix.csproj", "{BB30852B-672A-4EBF-BE58-BC63F6D3C0DE}"
EndProject
Project("{2150E333-8FDC-42A3-9474-1A3956D46DE8}") = "Vspt", "Vspt", "{0FF77586-26C7-4022-B62B-FBFB998C7CAA}"
EndProject
Project("{FAE04EC0-301F-11D3-BF4B-00C04F79EFBC}") = "CSharp.UWP.Solution", "src\Vspt\CSharp.UWP.Solution\CSharp.UWP.Solution.csproj", "{D5E1C23A-7547-412A-82F1-F00C34622C1E}"
EndProject
Global
	GlobalSection(SolutionConfigurationPlatforms) = preSolution
		Debug|Any CPU = Debug|Any CPU
		Release|Any CPU = Release|Any CPU
	EndGlobalSection
	GlobalSection(ProjectConfigurationPlatforms) = postSolution
		{51DDB424-2DA2-4871-A042-4F4F9B622515}.Debug|Any CPU.ActiveCfg = Debug|Any CPU
		{51DDB424-2DA2-4871-A042-4F4F9B622515}.Debug|Any CPU.Build.0 = Debug|Any CPU
		{51DDB424-2DA2-4871-A042-4F4F9B622515}.Release|Any CPU.ActiveCfg = Release|Any CPU
		{51DDB424-2DA2-4871-A042-4F4F9B622515}.Release|Any CPU.Build.0 = Release|Any CPU
		{9E58EACC-C798-43A0-89A0-A5A32815272D}.Debug|Any CPU.ActiveCfg = Debug|Any CPU
		{9E58EACC-C798-43A0-89A0-A5A32815272D}.Debug|Any CPU.Build.0 = Debug|Any CPU
		{9E58EACC-C798-43A0-89A0-A5A32815272D}.Release|Any CPU.ActiveCfg = Release|Any CPU
		{9E58EACC-C798-43A0-89A0-A5A32815272D}.Release|Any CPU.Build.0 = Release|Any CPU
		{272B516C-0D73-4BA6-A97E-5C82D5C02ABD}.Debug|Any CPU.ActiveCfg = Debug|Any CPU
		{272B516C-0D73-4BA6-A97E-5C82D5C02ABD}.Debug|Any CPU.Build.0 = Debug|Any CPU
		{272B516C-0D73-4BA6-A97E-5C82D5C02ABD}.Release|Any CPU.ActiveCfg = Release|Any CPU
		{272B516C-0D73-4BA6-A97E-5C82D5C02ABD}.Release|Any CPU.Build.0 = Release|Any CPU
		{BB30852B-672A-4EBF-BE58-BC63F6D3C0DE}.Debug|Any CPU.ActiveCfg = Debug|Any CPU
		{BB30852B-672A-4EBF-BE58-BC63F6D3C0DE}.Debug|Any CPU.Build.0 = Debug|Any CPU
		{BB30852B-672A-4EBF-BE58-BC63F6D3C0DE}.Release|Any CPU.ActiveCfg = Release|Any CPU
		{BB30852B-672A-4EBF-BE58-BC63F6D3C0DE}.Release|Any CPU.Build.0 = Release|Any CPU
		{D5E1C23A-7547-412A-82F1-F00C34622C1E}.Debug|Any CPU.ActiveCfg = Debug|Any CPU
		{D5E1C23A-7547-412A-82F1-F00C34622C1E}.Debug|Any CPU.Build.0 = Debug|Any CPU
		{D5E1C23A-7547-412A-82F1-F00C34622C1E}.Release|Any CPU.ActiveCfg = Release|Any CPU
		{D5E1C23A-7547-412A-82F1-F00C34622C1E}.Release|Any CPU.Build.0 = Release|Any CPU
	EndGlobalSection
	GlobalSection(SolutionProperties) = preSolution
		HideSolutionNode = FALSE
	EndGlobalSection
	GlobalSection(NestedProjects) = preSolution
		{272B516C-0D73-4BA6-A97E-5C82D5C02ABD} = {F1BB87A2-070B-4BAE-8302-2911705D51A9}
		{D5E1C23A-7547-412A-82F1-F00C34622C1E} = {0FF77586-26C7-4022-B62B-FBFB998C7CAA}
	EndGlobalSection
EndGlobal
