
Microsoft Visual Studio Solution File, Format Version 12.00
# Visual Studio Version 16
VisualStudioVersion = 16.0.30002.166
MinimumVisualStudioVersion = 10.0.40219.1
Project("{FAE04EC0-301F-11D3-BF4B-00C04F79EFBC}") = "Installer", "src\Installer\Installer.csproj", "{BB30852B-672A-4EBF-BE58-BC63F6D3C0DE}"
EndProject
Project("{2150E333-8FDC-42A3-9474-1A3956D46DE8}") = "ProjectTemplates", "ProjectTemplates", "{7709EF0E-35BF-4E09-BFF6-938E1DC91E15}"
EndProject
Project("{FAE04EC0-301F-11D3-BF4B-00C04F79EFBC}") = "CSharp.UWP.Solution", "src\ProjectTemplates\CSharp.UWP.Solution\CSharp.UWP.Solution.csproj", "{D5E1C23A-7547-412A-82F1-F00C34622C1E}"
EndProject
Project("{FAE04EC0-301F-11D3-BF4B-00C04F79EFBC}") = "UI", "src\UI\UI.csproj", "{DCFD282D-D91C-49B5-8DBF-D943BAFEF5AA}"
EndProject
Project("{FAE04EC0-301F-11D3-BF4B-00C04F79EFBC}") = "VBNet.UWP.Solution", "src\ProjectTemplates\VBNet.UWP.Solution\VBNet.UWP.Solution.csproj", "{2B997E0A-16C8-4B8E-810A-D1D7DAFBD760}"
EndProject
Project("{9A19103F-16F7-4668-BE54-9A1E7A4F7556}") = "CoreTemplateStudio.Core", "CoreTemplateStudio\code\src\CoreTemplateStudio\CoreTemplateStudio.Core\CoreTemplateStudio.Core.csproj", "{B4E8E646-98DC-45B2-B8BE-DDE486068301}"
EndProject
Project("{FAE04EC0-301F-11D3-BF4B-00C04F79EFBC}") = "Utilities", "CoreTemplateStudio\code\src\Utilities\Utilities.csproj", "{356EADB6-D826-494D-B5E1-41245159D5AE}"
EndProject
Project("{FAE04EC0-301F-11D3-BF4B-00C04F79EFBC}") = "CSharp.WPF.Solution", "src\ProjectTemplates\CSharp.WPF.Solution\CSharp.WPF.Solution.csproj", "{F8DBFD78-6A5B-41E0-A197-5AAA50C51DCB}"
EndProject
Project("{FAE04EC0-301F-11D3-BF4B-00C04F79EFBC}") = "CSharp.WinUI.Solution", "src\ProjectTemplates\CSharp.WinUI.Solution\CSharp.WinUI.Solution.csproj", "{B8A19CAA-1D90-49B0-925F-37C302CA4FCD}"
EndProject
Project("{FAE04EC0-301F-11D3-BF4B-00C04F79EFBC}") = "Cpp.WinUI.Uwp.Solution", "src\ProjectTemplates\Cpp.WinUI.UWP.Solution\Cpp.WinUI.Uwp.Solution.csproj", "{06E23CC2-ECBD-4D4C-B328-3CD13C3D53AF}"
EndProject
Project("{FAE04EC0-301F-11D3-BF4B-00C04F79EFBC}") = "Cpp.WinUI.Desktop.Solution", "src\ProjectTemplates\Cpp.WinUI.Desktop.Solution\Cpp.WinUI.Desktop.Solution.csproj", "{A41F9095-F643-4C37-97E2-5D9E5EB6F305}"
EndProject
Global
	GlobalSection(SolutionConfigurationPlatforms) = preSolution
		Analyze|Any CPU = Analyze|Any CPU
		Debug|Any CPU = Debug|Any CPU
		Release|Any CPU = Release|Any CPU
	EndGlobalSection
	GlobalSection(ProjectConfigurationPlatforms) = postSolution
		{BB30852B-672A-4EBF-BE58-BC63F6D3C0DE}.Analyze|Any CPU.ActiveCfg = Analyze|Any CPU
		{BB30852B-672A-4EBF-BE58-BC63F6D3C0DE}.Analyze|Any CPU.Build.0 = Analyze|Any CPU
		{BB30852B-672A-4EBF-BE58-BC63F6D3C0DE}.Debug|Any CPU.ActiveCfg = Debug|Any CPU
		{BB30852B-672A-4EBF-BE58-BC63F6D3C0DE}.Debug|Any CPU.Build.0 = Debug|Any CPU
		{BB30852B-672A-4EBF-BE58-BC63F6D3C0DE}.Release|Any CPU.ActiveCfg = Release|Any CPU
		{BB30852B-672A-4EBF-BE58-BC63F6D3C0DE}.Release|Any CPU.Build.0 = Release|Any CPU
		{D5E1C23A-7547-412A-82F1-F00C34622C1E}.Analyze|Any CPU.ActiveCfg = Analyze|Any CPU
		{D5E1C23A-7547-412A-82F1-F00C34622C1E}.Analyze|Any CPU.Build.0 = Analyze|Any CPU
		{D5E1C23A-7547-412A-82F1-F00C34622C1E}.Debug|Any CPU.ActiveCfg = Debug|Any CPU
		{D5E1C23A-7547-412A-82F1-F00C34622C1E}.Debug|Any CPU.Build.0 = Debug|Any CPU
		{D5E1C23A-7547-412A-82F1-F00C34622C1E}.Release|Any CPU.ActiveCfg = Release|Any CPU
		{D5E1C23A-7547-412A-82F1-F00C34622C1E}.Release|Any CPU.Build.0 = Release|Any CPU
		{DCFD282D-D91C-49B5-8DBF-D943BAFEF5AA}.Analyze|Any CPU.ActiveCfg = Analyze|Any CPU
		{DCFD282D-D91C-49B5-8DBF-D943BAFEF5AA}.Analyze|Any CPU.Build.0 = Analyze|Any CPU
		{DCFD282D-D91C-49B5-8DBF-D943BAFEF5AA}.Debug|Any CPU.ActiveCfg = Debug|Any CPU
		{DCFD282D-D91C-49B5-8DBF-D943BAFEF5AA}.Debug|Any CPU.Build.0 = Debug|Any CPU
		{DCFD282D-D91C-49B5-8DBF-D943BAFEF5AA}.Release|Any CPU.ActiveCfg = Release|Any CPU
		{DCFD282D-D91C-49B5-8DBF-D943BAFEF5AA}.Release|Any CPU.Build.0 = Release|Any CPU
		{2B997E0A-16C8-4B8E-810A-D1D7DAFBD760}.Analyze|Any CPU.ActiveCfg = Analyze|Any CPU
		{2B997E0A-16C8-4B8E-810A-D1D7DAFBD760}.Analyze|Any CPU.Build.0 = Analyze|Any CPU
		{2B997E0A-16C8-4B8E-810A-D1D7DAFBD760}.Debug|Any CPU.ActiveCfg = Debug|Any CPU
		{2B997E0A-16C8-4B8E-810A-D1D7DAFBD760}.Debug|Any CPU.Build.0 = Debug|Any CPU
		{2B997E0A-16C8-4B8E-810A-D1D7DAFBD760}.Release|Any CPU.ActiveCfg = Release|Any CPU
		{2B997E0A-16C8-4B8E-810A-D1D7DAFBD760}.Release|Any CPU.Build.0 = Release|Any CPU
		{B4E8E646-98DC-45B2-B8BE-DDE486068301}.Analyze|Any CPU.ActiveCfg = Analyze|Any CPU
		{B4E8E646-98DC-45B2-B8BE-DDE486068301}.Analyze|Any CPU.Build.0 = Analyze|Any CPU
		{B4E8E646-98DC-45B2-B8BE-DDE486068301}.Debug|Any CPU.ActiveCfg = Debug|Any CPU
		{B4E8E646-98DC-45B2-B8BE-DDE486068301}.Debug|Any CPU.Build.0 = Debug|Any CPU
		{B4E8E646-98DC-45B2-B8BE-DDE486068301}.Release|Any CPU.ActiveCfg = Release|Any CPU
		{B4E8E646-98DC-45B2-B8BE-DDE486068301}.Release|Any CPU.Build.0 = Release|Any CPU
		{356EADB6-D826-494D-B5E1-41245159D5AE}.Analyze|Any CPU.ActiveCfg = Analyze|Any CPU
		{356EADB6-D826-494D-B5E1-41245159D5AE}.Analyze|Any CPU.Build.0 = Analyze|Any CPU
		{356EADB6-D826-494D-B5E1-41245159D5AE}.Debug|Any CPU.ActiveCfg = Debug|Any CPU
		{356EADB6-D826-494D-B5E1-41245159D5AE}.Debug|Any CPU.Build.0 = Debug|Any CPU
		{356EADB6-D826-494D-B5E1-41245159D5AE}.Release|Any CPU.ActiveCfg = Release|Any CPU
		{356EADB6-D826-494D-B5E1-41245159D5AE}.Release|Any CPU.Build.0 = Release|Any CPU
		{F8DBFD78-6A5B-41E0-A197-5AAA50C51DCB}.Analyze|Any CPU.ActiveCfg = Analyze|Any CPU
		{F8DBFD78-6A5B-41E0-A197-5AAA50C51DCB}.Analyze|Any CPU.Build.0 = Analyze|Any CPU
		{F8DBFD78-6A5B-41E0-A197-5AAA50C51DCB}.Debug|Any CPU.ActiveCfg = Debug|Any CPU
		{F8DBFD78-6A5B-41E0-A197-5AAA50C51DCB}.Debug|Any CPU.Build.0 = Debug|Any CPU
		{F8DBFD78-6A5B-41E0-A197-5AAA50C51DCB}.Release|Any CPU.ActiveCfg = Release|Any CPU
		{F8DBFD78-6A5B-41E0-A197-5AAA50C51DCB}.Release|Any CPU.Build.0 = Release|Any CPU
		{B8A19CAA-1D90-49B0-925F-37C302CA4FCD}.Analyze|Any CPU.ActiveCfg = Debug|Any CPU
		{B8A19CAA-1D90-49B0-925F-37C302CA4FCD}.Analyze|Any CPU.Build.0 = Debug|Any CPU
		{B8A19CAA-1D90-49B0-925F-37C302CA4FCD}.Debug|Any CPU.ActiveCfg = Debug|Any CPU
		{B8A19CAA-1D90-49B0-925F-37C302CA4FCD}.Debug|Any CPU.Build.0 = Debug|Any CPU
		{B8A19CAA-1D90-49B0-925F-37C302CA4FCD}.Release|Any CPU.ActiveCfg = Release|Any CPU
		{B8A19CAA-1D90-49B0-925F-37C302CA4FCD}.Release|Any CPU.Build.0 = Release|Any CPU
		{06E23CC2-ECBD-4D4C-B328-3CD13C3D53AF}.Analyze|Any CPU.ActiveCfg = Debug|Any CPU
		{06E23CC2-ECBD-4D4C-B328-3CD13C3D53AF}.Analyze|Any CPU.Build.0 = Debug|Any CPU
		{06E23CC2-ECBD-4D4C-B328-3CD13C3D53AF}.Debug|Any CPU.ActiveCfg = Debug|Any CPU
		{06E23CC2-ECBD-4D4C-B328-3CD13C3D53AF}.Debug|Any CPU.Build.0 = Debug|Any CPU
		{06E23CC2-ECBD-4D4C-B328-3CD13C3D53AF}.Release|Any CPU.ActiveCfg = Release|Any CPU
		{06E23CC2-ECBD-4D4C-B328-3CD13C3D53AF}.Release|Any CPU.Build.0 = Release|Any CPU
		{A41F9095-F643-4C37-97E2-5D9E5EB6F305}.Analyze|Any CPU.ActiveCfg = Debug|Any CPU
		{A41F9095-F643-4C37-97E2-5D9E5EB6F305}.Analyze|Any CPU.Build.0 = Debug|Any CPU
		{A41F9095-F643-4C37-97E2-5D9E5EB6F305}.Debug|Any CPU.ActiveCfg = Debug|Any CPU
		{A41F9095-F643-4C37-97E2-5D9E5EB6F305}.Debug|Any CPU.Build.0 = Debug|Any CPU
		{A41F9095-F643-4C37-97E2-5D9E5EB6F305}.Release|Any CPU.ActiveCfg = Release|Any CPU
		{A41F9095-F643-4C37-97E2-5D9E5EB6F305}.Release|Any CPU.Build.0 = Release|Any CPU
	EndGlobalSection
	GlobalSection(SolutionProperties) = preSolution
		HideSolutionNode = FALSE
	EndGlobalSection
	GlobalSection(NestedProjects) = preSolution
		{D5E1C23A-7547-412A-82F1-F00C34622C1E} = {7709EF0E-35BF-4E09-BFF6-938E1DC91E15}
		{2B997E0A-16C8-4B8E-810A-D1D7DAFBD760} = {7709EF0E-35BF-4E09-BFF6-938E1DC91E15}
		{F8DBFD78-6A5B-41E0-A197-5AAA50C51DCB} = {7709EF0E-35BF-4E09-BFF6-938E1DC91E15}
		{B8A19CAA-1D90-49B0-925F-37C302CA4FCD} = {7709EF0E-35BF-4E09-BFF6-938E1DC91E15}
		{06E23CC2-ECBD-4D4C-B328-3CD13C3D53AF} = {7709EF0E-35BF-4E09-BFF6-938E1DC91E15}
		{A41F9095-F643-4C37-97E2-5D9E5EB6F305} = {7709EF0E-35BF-4E09-BFF6-938E1DC91E15}
	EndGlobalSection
	GlobalSection(ExtensibilityGlobals) = postSolution
		SolutionGuid = {C5812CB4-61BE-4BBF-9613-A76CDB14E09C}
	EndGlobalSection
EndGlobal
