
Microsoft Visual Studio Solution File, Format Version 12.00
# Visual Studio Version 17
VisualStudioVersion = 17.0.32126.315
MinimumVisualStudioVersion = 10.0.40219.1
Project("{2150E333-8FDC-42A3-9474-1A3956D46DE8}") = "ProjectTemplates", "ProjectTemplates", "{309D810A-FB76-489B-B6CE-0B5C7692BBD3}"
EndProject
Project("{2150E333-8FDC-42A3-9474-1A3956D46DE8}") = "UWP", "UWP", "{CD7ADA01-E1BC-4932-A411-19005D3E9B76}"
EndProject
Project("{2150E333-8FDC-42A3-9474-1A3956D46DE8}") = "CS", "CS", "{85ACE301-A142-41FC-A148-9D5F78C1ADB4}"
EndProject
Project("{2150E333-8FDC-42A3-9474-1A3956D46DE8}") = "VB", "VB", "{67C69AF4-747E-4C23-A9D8-E427DB3DD509}"
EndProject
Project("{FAE04EC0-301F-11D3-BF4B-00C04F79EFBC}") = "Ts4UwpCsTemplate", "src\ProjectTemplates\UWP\CS\Ts4UwpCsTemplate\Ts4UwpCsTemplate.csproj", "{A9F0E236-41E2-41B7-BF79-E2F440C58AE0}"
EndProject
Project("{F184B08F-C81C-45F6-A57F-5ABD9991F28F}") = "Ts4UwpVbTemplate", "src\ProjectTemplates\UWP\VB\Ts4UwpVbTemplate\Ts4UwpVbTemplate.vbproj", "{CD3637EA-BD39-4C34-B3AC-2E2B21E35D7C}"
EndProject
Project("{2150E333-8FDC-42A3-9474-1A3956D46DE8}") = "WPF", "WPF", "{05A9FF68-54EB-4B4F-AFA0-7BE5842C2FE5}"
EndProject
Project("{2150E333-8FDC-42A3-9474-1A3956D46DE8}") = "CS", "CS", "{72F1714A-7EF2-4C11-908A-C9F4E0B2C406}"
EndProject
Project("{FAE04EC0-301F-11D3-BF4B-00C04F79EFBC}") = "Ts4WpfCsTemplate", "src\ProjectTemplates\WPF\CS\Ts4WpfCsTemplate\Ts4WpfCsTemplate.csproj", "{98849B09-BB00-4680-999E-60CA37011A87}"
EndProject
Project("{2150E333-8FDC-42A3-9474-1A3956D46DE8}") = "WinUI", "WinUI", "{07E40202-1A70-4879-B540-E9936A0A37E9}"
EndProject
Project("{2150E333-8FDC-42A3-9474-1A3956D46DE8}") = "CS", "CS", "{3E8C5528-DC2B-4CF8-BACE-322B1C041400}"
EndProject
Project("{2150E333-8FDC-42A3-9474-1A3956D46DE8}") = "CPP", "CPP", "{ABD8DE0D-9A47-4004-AFFC-A34829226112}"
EndProject
Project("{FAE04EC0-301F-11D3-BF4B-00C04F79EFBC}") = "Ts4WinUICsTemplate", "src\ProjectTemplates\WinUI\CS\Ts4WinUICsTemplate\Ts4WinUICsTemplate.csproj", "{7EDD488B-831B-49C8-ADCC-C3E1D9742936}"
EndProject
Project("{FAE04EC0-301F-11D3-BF4B-00C04F79EFBC}") = "Ts4WinUICppTemplate", "src\ProjectTemplates\WinUI\Cpp\Ts4WinUICppTemplate\Ts4WinUICppTemplate.csproj", "{B00EFD85-FBBB-430D-9C62-DEE0FDB329D8}"
EndProject
Project("{2150E333-8FDC-42A3-9474-1A3956D46DE8}") = "Test", "Test", "{7DB775AE-10C1-4CEA-B3F5-E7438C0F420A}"
EndProject
Project("{2150E333-8FDC-42A3-9474-1A3956D46DE8}") = "Solution Items", "Solution Items", "{FD77B1C8-0414-4953-9C49-5A44E48F0EEC}"
	ProjectSection(SolutionItems) = preProject
		..\.editorconfig = ..\.editorconfig
		..\CHANGELOG.md = ..\CHANGELOG.md
		GlobalSuppressions.cs = GlobalSuppressions.cs
		..\LICENSE.md = ..\LICENSE.md
		..\README.md = ..\README.md
		StyleCop.json = StyleCop.json
		TestCert.pfx = TestCert.pfx
	EndProjectSection
EndProject
Project("{D954291E-2A0B-460D-934E-DC6B0785DB48}") = "SharedFunctionality.Core", "SharedFunctionality.Core\SharedFunctionality.Core.shproj", "{40CAA13A-A94E-43F4-916D-070E15883878}"
EndProject
Project("{D954291E-2A0B-460D-934E-DC6B0785DB48}") = "SharedFunctionality.UI", "SharedFunctionality.UI\SharedFunctionality.UI.shproj", "{14171F44-37A1-4476-9877-92F9294C8864}"
EndProject
Project("{FAE04EC0-301F-11D3-BF4B-00C04F79EFBC}") = "SharedResources", "SharedResources\SharedResources.csproj", "{D617CF2A-6CED-4A31-B87C-3A890D0DDE93}"
EndProject
Project("{FAE04EC0-301F-11D3-BF4B-00C04F79EFBC}") = "TemplateStudioForUWP", "TemplateStudioForUWP\TemplateStudioForUWP.csproj", "{793EC1F7-3418-4AF5-A074-A221EF4A8BEB}"
EndProject
Project("{FAE04EC0-301F-11D3-BF4B-00C04F79EFBC}") = "TemplateStudioForWinUICs", "TemplateStudioForWinUICs\TemplateStudioForWinUICs.csproj", "{4BAA29BE-9854-4DD4-AFC8-DA50BF5752B9}"
EndProject
Project("{FAE04EC0-301F-11D3-BF4B-00C04F79EFBC}") = "TemplateStudioForWinUICpp", "TemplateStudioForWinUICpp\TemplateStudioForWinUICpp.csproj", "{5E1508F0-8DF5-4084-BB10-1E50E3D550F7}"
EndProject
Project("{FAE04EC0-301F-11D3-BF4B-00C04F79EFBC}") = "TemplateStudioForWPF", "TemplateStudioForWPF\TemplateStudioForWPF.csproj", "{D53BB989-5FA3-4F0C-B67A-69D61F488723}"
EndProject
Project("{D954291E-2A0B-460D-934E-DC6B0785DB48}") = "SharedFunctionality.Tests", "test\SharedFunctionality.Tests\SharedFunctionality.Tests.shproj", "{7496482F-BAD2-428D-A337-5DC0137ECA3F}"
EndProject
Project("{9A19103F-16F7-4668-BE54-9A1E7A4F7556}") = "SharedFunctionality.Core.Tests", "test\SharedFunctionality.Core.Tests\SharedFunctionality.Core.Tests.csproj", "{3CEF00D1-B49D-4339-A54C-769E7D2B71BB}"
EndProject
Project("{FAE04EC0-301F-11D3-BF4B-00C04F79EFBC}") = "SharedFunctionality.UI.Tests", "test\SharedFunctionality.UI.Tests\SharedFunctionality.UI.Tests.csproj", "{61775323-739F-4765-82B8-FD43ED901A0B}"
EndProject
Project("{FAE04EC0-301F-11D3-BF4B-00C04F79EFBC}") = "TemplateStudioForUWP.Tests", "test\TemplateStudioForUWP.Tests\TemplateStudioForUWP.Tests.csproj", "{2533EC78-076A-4AD2-90E2-24FF40ED482B}"
EndProject
Project("{FAE04EC0-301F-11D3-BF4B-00C04F79EFBC}") = "TemplateStudioForWinUICs.Tests", "test\TemplateStudioForWinUICs.Tests\TemplateStudioForWinUICs.Tests.csproj", "{5B276821-D5BE-4AE6-A8F8-BD54337AA2D9}"
EndProject
Project("{FAE04EC0-301F-11D3-BF4B-00C04F79EFBC}") = "TemplateStudioForWinUICpp.Tests", "test\TemplateStudioForWinUICpp.Tests\TemplateStudioForWinUICpp.Tests.csproj", "{2BC38332-4102-4390-AA0F-A20E23D6BD7D}"
EndProject
Project("{FAE04EC0-301F-11D3-BF4B-00C04F79EFBC}") = "TemplateStudioForWPF.Tests", "test\TemplateStudioForWPF.Tests\TemplateStudioForWPF.Tests.csproj", "{C662AD69-A1A7-4D95-A0A8-1DD33F537096}"
EndProject
Project("{FAE04EC0-301F-11D3-BF4B-00C04F79EFBC}") = "VsEmulator", "test\VsEmulator\VsEmulator.csproj", "{272B516C-0D73-4BA6-A97E-5C82D5C02ABD}"
EndProject
Global
	GlobalSection(SharedMSBuildProjectFiles) = preSolution
		SharedFunctionality.UI\SharedFunctionality.UI.projitems*{14171f44-37a1-4476-9877-92f9294c8864}*SharedItemsImports = 13
		SharedFunctionality.Core\SharedFunctionality.Core.projitems*{2533ec78-076a-4ad2-90e2-24ff40ed482b}*SharedItemsImports = 4
		SharedFunctionality.UI\SharedFunctionality.UI.projitems*{2533ec78-076a-4ad2-90e2-24ff40ed482b}*SharedItemsImports = 4
		test\SharedFunctionality.Tests\SharedFunctionality.Tests.projitems*{2533ec78-076a-4ad2-90e2-24ff40ed482b}*SharedItemsImports = 4
		SharedFunctionality.Core\SharedFunctionality.Core.projitems*{272b516c-0d73-4ba6-a97e-5c82d5c02abd}*SharedItemsImports = 4
		SharedFunctionality.UI\SharedFunctionality.UI.projitems*{272b516c-0d73-4ba6-a97e-5c82d5c02abd}*SharedItemsImports = 4
		SharedFunctionality.Core\SharedFunctionality.Core.projitems*{2bc38332-4102-4390-aa0f-a20e23d6bd7d}*SharedItemsImports = 4
		SharedFunctionality.UI\SharedFunctionality.UI.projitems*{2bc38332-4102-4390-aa0f-a20e23d6bd7d}*SharedItemsImports = 4
		test\SharedFunctionality.Tests\SharedFunctionality.Tests.projitems*{2bc38332-4102-4390-aa0f-a20e23d6bd7d}*SharedItemsImports = 4
		SharedFunctionality.Core\SharedFunctionality.Core.projitems*{3cef00d1-b49d-4339-a54c-769e7d2b71bb}*SharedItemsImports = 5
		SharedFunctionality.Core\SharedFunctionality.Core.projitems*{40caa13a-a94e-43f4-916d-070e15883878}*SharedItemsImports = 13
		SharedFunctionality.Core\SharedFunctionality.Core.projitems*{4baa29be-9854-4dd4-afc8-da50bf5752b9}*SharedItemsImports = 4
		SharedFunctionality.UI\SharedFunctionality.UI.projitems*{4baa29be-9854-4dd4-afc8-da50bf5752b9}*SharedItemsImports = 4
		SharedFunctionality.Core\SharedFunctionality.Core.projitems*{5b276821-d5be-4ae6-a8f8-bd54337aa2d9}*SharedItemsImports = 4
		SharedFunctionality.UI\SharedFunctionality.UI.projitems*{5b276821-d5be-4ae6-a8f8-bd54337aa2d9}*SharedItemsImports = 4
		test\SharedFunctionality.Tests\SharedFunctionality.Tests.projitems*{5b276821-d5be-4ae6-a8f8-bd54337aa2d9}*SharedItemsImports = 4
		SharedFunctionality.Core\SharedFunctionality.Core.projitems*{5e1508f0-8df5-4084-bb10-1e50e3d550f7}*SharedItemsImports = 4
		SharedFunctionality.UI\SharedFunctionality.UI.projitems*{5e1508f0-8df5-4084-bb10-1e50e3d550f7}*SharedItemsImports = 4
		SharedFunctionality.Core\SharedFunctionality.Core.projitems*{61775323-739f-4765-82b8-fd43ed901a0b}*SharedItemsImports = 4
		SharedFunctionality.UI\SharedFunctionality.UI.projitems*{61775323-739f-4765-82b8-fd43ed901a0b}*SharedItemsImports = 4
		test\SharedFunctionality.Tests\SharedFunctionality.Tests.projitems*{61775323-739f-4765-82b8-fd43ed901a0b}*SharedItemsImports = 4
		test\SharedFunctionality.Tests\SharedFunctionality.Tests.projitems*{7496482f-bad2-428d-a337-5dc0137eca3f}*SharedItemsImports = 13
		SharedFunctionality.Core\SharedFunctionality.Core.projitems*{793ec1f7-3418-4af5-a074-a221ef4a8beb}*SharedItemsImports = 4
		SharedFunctionality.UI\SharedFunctionality.UI.projitems*{793ec1f7-3418-4af5-a074-a221ef4a8beb}*SharedItemsImports = 4
		SharedFunctionality.Core\SharedFunctionality.Core.projitems*{c662ad69-a1a7-4d95-a0a8-1dd33f537096}*SharedItemsImports = 4
		SharedFunctionality.UI\SharedFunctionality.UI.projitems*{c662ad69-a1a7-4d95-a0a8-1dd33f537096}*SharedItemsImports = 4
		test\SharedFunctionality.Tests\SharedFunctionality.Tests.projitems*{c662ad69-a1a7-4d95-a0a8-1dd33f537096}*SharedItemsImports = 4
		SharedFunctionality.Core\SharedFunctionality.Core.projitems*{d53bb989-5fa3-4f0c-b67a-69d61f488723}*SharedItemsImports = 4
		SharedFunctionality.UI\SharedFunctionality.UI.projitems*{d53bb989-5fa3-4f0c-b67a-69d61f488723}*SharedItemsImports = 4
	EndGlobalSection
	GlobalSection(SolutionConfigurationPlatforms) = preSolution
		Analyze|Any CPU = Analyze|Any CPU
		Debug|Any CPU = Debug|Any CPU
		DebugALL|Any CPU = DebugALL|Any CPU
		DebugUWP|Any CPU = DebugUWP|Any CPU
		DebugWinUICpp|Any CPU = DebugWinUICpp|Any CPU
		DebugWinUICs|Any CPU = DebugWinUICs|Any CPU
		DebugWPF|Any CPU = DebugWPF|Any CPU
		Release|Any CPU = Release|Any CPU
		ReleaseUWP|Any CPU = ReleaseUWP|Any CPU
		ReleaseWinUICpp|Any CPU = ReleaseWinUICpp|Any CPU
		ReleaseWinUICs|Any CPU = ReleaseWinUICs|Any CPU
		ReleaseWPF|Any CPU = ReleaseWPF|Any CPU
	EndGlobalSection
	GlobalSection(ProjectConfigurationPlatforms) = postSolution
		{A9F0E236-41E2-41B7-BF79-E2F440C58AE0}.Analyze|Any CPU.ActiveCfg = Debug|Any CPU
		{A9F0E236-41E2-41B7-BF79-E2F440C58AE0}.Analyze|Any CPU.Build.0 = Debug|Any CPU
		{A9F0E236-41E2-41B7-BF79-E2F440C58AE0}.Debug|Any CPU.ActiveCfg = Debug|Any CPU
		{A9F0E236-41E2-41B7-BF79-E2F440C58AE0}.Debug|Any CPU.Build.0 = Debug|Any CPU
		{A9F0E236-41E2-41B7-BF79-E2F440C58AE0}.DebugALL|Any CPU.ActiveCfg = Debug|Any CPU
		{A9F0E236-41E2-41B7-BF79-E2F440C58AE0}.DebugALL|Any CPU.Build.0 = Debug|Any CPU
		{A9F0E236-41E2-41B7-BF79-E2F440C58AE0}.DebugUWP|Any CPU.ActiveCfg = Debug|Any CPU
		{A9F0E236-41E2-41B7-BF79-E2F440C58AE0}.DebugUWP|Any CPU.Build.0 = Debug|Any CPU
		{A9F0E236-41E2-41B7-BF79-E2F440C58AE0}.DebugWinUICpp|Any CPU.ActiveCfg = Debug|Any CPU
		{A9F0E236-41E2-41B7-BF79-E2F440C58AE0}.DebugWinUICs|Any CPU.ActiveCfg = Debug|Any CPU
		{A9F0E236-41E2-41B7-BF79-E2F440C58AE0}.DebugWPF|Any CPU.ActiveCfg = Debug|Any CPU
		{A9F0E236-41E2-41B7-BF79-E2F440C58AE0}.Release|Any CPU.ActiveCfg = Release|Any CPU
		{A9F0E236-41E2-41B7-BF79-E2F440C58AE0}.Release|Any CPU.Build.0 = Release|Any CPU
		{A9F0E236-41E2-41B7-BF79-E2F440C58AE0}.ReleaseUWP|Any CPU.ActiveCfg = Release|Any CPU
		{A9F0E236-41E2-41B7-BF79-E2F440C58AE0}.ReleaseUWP|Any CPU.Build.0 = Release|Any CPU
		{A9F0E236-41E2-41B7-BF79-E2F440C58AE0}.ReleaseWinUICpp|Any CPU.ActiveCfg = Release|Any CPU
		{A9F0E236-41E2-41B7-BF79-E2F440C58AE0}.ReleaseWinUICs|Any CPU.ActiveCfg = Release|Any CPU
		{A9F0E236-41E2-41B7-BF79-E2F440C58AE0}.ReleaseWPF|Any CPU.ActiveCfg = Release|Any CPU
		{CD3637EA-BD39-4C34-B3AC-2E2B21E35D7C}.Analyze|Any CPU.ActiveCfg = Debug|Any CPU
		{CD3637EA-BD39-4C34-B3AC-2E2B21E35D7C}.Analyze|Any CPU.Build.0 = Debug|Any CPU
		{CD3637EA-BD39-4C34-B3AC-2E2B21E35D7C}.Debug|Any CPU.ActiveCfg = Debug|Any CPU
		{CD3637EA-BD39-4C34-B3AC-2E2B21E35D7C}.Debug|Any CPU.Build.0 = Debug|Any CPU
		{CD3637EA-BD39-4C34-B3AC-2E2B21E35D7C}.DebugALL|Any CPU.ActiveCfg = Debug|Any CPU
		{CD3637EA-BD39-4C34-B3AC-2E2B21E35D7C}.DebugALL|Any CPU.Build.0 = Debug|Any CPU
		{CD3637EA-BD39-4C34-B3AC-2E2B21E35D7C}.DebugUWP|Any CPU.ActiveCfg = Debug|Any CPU
		{CD3637EA-BD39-4C34-B3AC-2E2B21E35D7C}.DebugUWP|Any CPU.Build.0 = Debug|Any CPU
		{CD3637EA-BD39-4C34-B3AC-2E2B21E35D7C}.DebugWinUICpp|Any CPU.ActiveCfg = Debug|Any CPU
		{CD3637EA-BD39-4C34-B3AC-2E2B21E35D7C}.DebugWinUICs|Any CPU.ActiveCfg = Debug|Any CPU
		{CD3637EA-BD39-4C34-B3AC-2E2B21E35D7C}.DebugWPF|Any CPU.ActiveCfg = Debug|Any CPU
		{CD3637EA-BD39-4C34-B3AC-2E2B21E35D7C}.Release|Any CPU.ActiveCfg = Release|Any CPU
		{CD3637EA-BD39-4C34-B3AC-2E2B21E35D7C}.Release|Any CPU.Build.0 = Release|Any CPU
		{CD3637EA-BD39-4C34-B3AC-2E2B21E35D7C}.ReleaseUWP|Any CPU.ActiveCfg = Release|Any CPU
		{CD3637EA-BD39-4C34-B3AC-2E2B21E35D7C}.ReleaseUWP|Any CPU.Build.0 = Release|Any CPU
		{CD3637EA-BD39-4C34-B3AC-2E2B21E35D7C}.ReleaseWinUICpp|Any CPU.ActiveCfg = Release|Any CPU
		{CD3637EA-BD39-4C34-B3AC-2E2B21E35D7C}.ReleaseWinUICs|Any CPU.ActiveCfg = Release|Any CPU
		{CD3637EA-BD39-4C34-B3AC-2E2B21E35D7C}.ReleaseWPF|Any CPU.ActiveCfg = Release|Any CPU
		{98849B09-BB00-4680-999E-60CA37011A87}.Analyze|Any CPU.ActiveCfg = Debug|Any CPU
		{98849B09-BB00-4680-999E-60CA37011A87}.Analyze|Any CPU.Build.0 = Debug|Any CPU
		{98849B09-BB00-4680-999E-60CA37011A87}.Debug|Any CPU.ActiveCfg = Debug|Any CPU
		{98849B09-BB00-4680-999E-60CA37011A87}.Debug|Any CPU.Build.0 = Debug|Any CPU
		{98849B09-BB00-4680-999E-60CA37011A87}.DebugALL|Any CPU.ActiveCfg = Debug|Any CPU
		{98849B09-BB00-4680-999E-60CA37011A87}.DebugALL|Any CPU.Build.0 = Debug|Any CPU
		{98849B09-BB00-4680-999E-60CA37011A87}.DebugUWP|Any CPU.ActiveCfg = Debug|Any CPU
		{98849B09-BB00-4680-999E-60CA37011A87}.DebugWinUICpp|Any CPU.ActiveCfg = Debug|Any CPU
		{98849B09-BB00-4680-999E-60CA37011A87}.DebugWinUICs|Any CPU.ActiveCfg = Debug|Any CPU
		{98849B09-BB00-4680-999E-60CA37011A87}.DebugWPF|Any CPU.ActiveCfg = Debug|Any CPU
		{98849B09-BB00-4680-999E-60CA37011A87}.DebugWPF|Any CPU.Build.0 = Debug|Any CPU
		{98849B09-BB00-4680-999E-60CA37011A87}.Release|Any CPU.ActiveCfg = Release|Any CPU
		{98849B09-BB00-4680-999E-60CA37011A87}.Release|Any CPU.Build.0 = Release|Any CPU
		{98849B09-BB00-4680-999E-60CA37011A87}.ReleaseUWP|Any CPU.ActiveCfg = Release|Any CPU
		{98849B09-BB00-4680-999E-60CA37011A87}.ReleaseWinUICpp|Any CPU.ActiveCfg = Release|Any CPU
		{98849B09-BB00-4680-999E-60CA37011A87}.ReleaseWinUICs|Any CPU.ActiveCfg = Release|Any CPU
		{98849B09-BB00-4680-999E-60CA37011A87}.ReleaseWPF|Any CPU.ActiveCfg = Release|Any CPU
		{98849B09-BB00-4680-999E-60CA37011A87}.ReleaseWPF|Any CPU.Build.0 = Release|Any CPU
		{7EDD488B-831B-49C8-ADCC-C3E1D9742936}.Analyze|Any CPU.ActiveCfg = Debug|Any CPU
		{7EDD488B-831B-49C8-ADCC-C3E1D9742936}.Analyze|Any CPU.Build.0 = Debug|Any CPU
		{7EDD488B-831B-49C8-ADCC-C3E1D9742936}.Debug|Any CPU.ActiveCfg = Debug|Any CPU
		{7EDD488B-831B-49C8-ADCC-C3E1D9742936}.Debug|Any CPU.Build.0 = Debug|Any CPU
		{7EDD488B-831B-49C8-ADCC-C3E1D9742936}.DebugALL|Any CPU.ActiveCfg = Debug|Any CPU
		{7EDD488B-831B-49C8-ADCC-C3E1D9742936}.DebugALL|Any CPU.Build.0 = Debug|Any CPU
		{7EDD488B-831B-49C8-ADCC-C3E1D9742936}.DebugUWP|Any CPU.ActiveCfg = Debug|Any CPU
		{7EDD488B-831B-49C8-ADCC-C3E1D9742936}.DebugWinUICpp|Any CPU.ActiveCfg = Debug|Any CPU
		{7EDD488B-831B-49C8-ADCC-C3E1D9742936}.DebugWinUICs|Any CPU.ActiveCfg = Debug|Any CPU
		{7EDD488B-831B-49C8-ADCC-C3E1D9742936}.DebugWinUICs|Any CPU.Build.0 = Debug|Any CPU
		{7EDD488B-831B-49C8-ADCC-C3E1D9742936}.DebugWPF|Any CPU.ActiveCfg = Debug|Any CPU
		{7EDD488B-831B-49C8-ADCC-C3E1D9742936}.Release|Any CPU.ActiveCfg = Release|Any CPU
		{7EDD488B-831B-49C8-ADCC-C3E1D9742936}.Release|Any CPU.Build.0 = Release|Any CPU
		{7EDD488B-831B-49C8-ADCC-C3E1D9742936}.ReleaseUWP|Any CPU.ActiveCfg = Release|Any CPU
		{7EDD488B-831B-49C8-ADCC-C3E1D9742936}.ReleaseWinUICpp|Any CPU.ActiveCfg = Release|Any CPU
		{7EDD488B-831B-49C8-ADCC-C3E1D9742936}.ReleaseWinUICs|Any CPU.ActiveCfg = Release|Any CPU
		{7EDD488B-831B-49C8-ADCC-C3E1D9742936}.ReleaseWinUICs|Any CPU.Build.0 = Release|Any CPU
		{7EDD488B-831B-49C8-ADCC-C3E1D9742936}.ReleaseWPF|Any CPU.ActiveCfg = Release|Any CPU
		{B00EFD85-FBBB-430D-9C62-DEE0FDB329D8}.Analyze|Any CPU.ActiveCfg = Debug|Any CPU
		{B00EFD85-FBBB-430D-9C62-DEE0FDB329D8}.Analyze|Any CPU.Build.0 = Debug|Any CPU
		{B00EFD85-FBBB-430D-9C62-DEE0FDB329D8}.Debug|Any CPU.ActiveCfg = Debug|Any CPU
		{B00EFD85-FBBB-430D-9C62-DEE0FDB329D8}.Debug|Any CPU.Build.0 = Debug|Any CPU
		{B00EFD85-FBBB-430D-9C62-DEE0FDB329D8}.DebugALL|Any CPU.ActiveCfg = Debug|Any CPU
		{B00EFD85-FBBB-430D-9C62-DEE0FDB329D8}.DebugALL|Any CPU.Build.0 = Debug|Any CPU
		{B00EFD85-FBBB-430D-9C62-DEE0FDB329D8}.DebugUWP|Any CPU.ActiveCfg = Debug|Any CPU
		{B00EFD85-FBBB-430D-9C62-DEE0FDB329D8}.DebugWinUICpp|Any CPU.ActiveCfg = Debug|Any CPU
		{B00EFD85-FBBB-430D-9C62-DEE0FDB329D8}.DebugWinUICpp|Any CPU.Build.0 = Debug|Any CPU
		{B00EFD85-FBBB-430D-9C62-DEE0FDB329D8}.DebugWinUICs|Any CPU.ActiveCfg = Debug|Any CPU
		{B00EFD85-FBBB-430D-9C62-DEE0FDB329D8}.DebugWPF|Any CPU.ActiveCfg = Debug|Any CPU
		{B00EFD85-FBBB-430D-9C62-DEE0FDB329D8}.Release|Any CPU.ActiveCfg = Release|Any CPU
		{B00EFD85-FBBB-430D-9C62-DEE0FDB329D8}.Release|Any CPU.Build.0 = Release|Any CPU
		{B00EFD85-FBBB-430D-9C62-DEE0FDB329D8}.ReleaseUWP|Any CPU.ActiveCfg = Release|Any CPU
		{B00EFD85-FBBB-430D-9C62-DEE0FDB329D8}.ReleaseWinUICpp|Any CPU.ActiveCfg = Release|Any CPU
		{B00EFD85-FBBB-430D-9C62-DEE0FDB329D8}.ReleaseWinUICpp|Any CPU.Build.0 = Release|Any CPU
		{B00EFD85-FBBB-430D-9C62-DEE0FDB329D8}.ReleaseWinUICs|Any CPU.ActiveCfg = Release|Any CPU
		{B00EFD85-FBBB-430D-9C62-DEE0FDB329D8}.ReleaseWPF|Any CPU.ActiveCfg = Release|Any CPU
		{D617CF2A-6CED-4A31-B87C-3A890D0DDE93}.Analyze|Any CPU.ActiveCfg = Debug|Any CPU
		{D617CF2A-6CED-4A31-B87C-3A890D0DDE93}.Analyze|Any CPU.Build.0 = Debug|Any CPU
		{D617CF2A-6CED-4A31-B87C-3A890D0DDE93}.Debug|Any CPU.ActiveCfg = Debug|Any CPU
		{D617CF2A-6CED-4A31-B87C-3A890D0DDE93}.Debug|Any CPU.Build.0 = Debug|Any CPU
		{D617CF2A-6CED-4A31-B87C-3A890D0DDE93}.DebugALL|Any CPU.ActiveCfg = DebugWinUICs|Any CPU
		{D617CF2A-6CED-4A31-B87C-3A890D0DDE93}.DebugALL|Any CPU.Build.0 = DebugWinUICs|Any CPU
		{D617CF2A-6CED-4A31-B87C-3A890D0DDE93}.DebugUWP|Any CPU.ActiveCfg = DebugUWP|Any CPU
		{D617CF2A-6CED-4A31-B87C-3A890D0DDE93}.DebugUWP|Any CPU.Build.0 = DebugUWP|Any CPU
		{D617CF2A-6CED-4A31-B87C-3A890D0DDE93}.DebugWinUICpp|Any CPU.ActiveCfg = DebugWinUICpp|Any CPU
		{D617CF2A-6CED-4A31-B87C-3A890D0DDE93}.DebugWinUICpp|Any CPU.Build.0 = DebugWinUICpp|Any CPU
		{D617CF2A-6CED-4A31-B87C-3A890D0DDE93}.DebugWinUICs|Any CPU.ActiveCfg = DebugWinUICs|Any CPU
		{D617CF2A-6CED-4A31-B87C-3A890D0DDE93}.DebugWinUICs|Any CPU.Build.0 = DebugWinUICs|Any CPU
		{D617CF2A-6CED-4A31-B87C-3A890D0DDE93}.DebugWPF|Any CPU.ActiveCfg = DebugWPF|Any CPU
		{D617CF2A-6CED-4A31-B87C-3A890D0DDE93}.DebugWPF|Any CPU.Build.0 = DebugWPF|Any CPU
		{D617CF2A-6CED-4A31-B87C-3A890D0DDE93}.Release|Any CPU.ActiveCfg = Release|Any CPU
		{D617CF2A-6CED-4A31-B87C-3A890D0DDE93}.Release|Any CPU.Build.0 = Release|Any CPU
		{D617CF2A-6CED-4A31-B87C-3A890D0DDE93}.ReleaseUWP|Any CPU.ActiveCfg = ReleaseUWP|Any CPU
		{D617CF2A-6CED-4A31-B87C-3A890D0DDE93}.ReleaseUWP|Any CPU.Build.0 = ReleaseUWP|Any CPU
		{D617CF2A-6CED-4A31-B87C-3A890D0DDE93}.ReleaseWinUICpp|Any CPU.ActiveCfg = ReleaseWinUICpp|Any CPU
		{D617CF2A-6CED-4A31-B87C-3A890D0DDE93}.ReleaseWinUICpp|Any CPU.Build.0 = ReleaseWinUICpp|Any CPU
		{D617CF2A-6CED-4A31-B87C-3A890D0DDE93}.ReleaseWinUICs|Any CPU.ActiveCfg = ReleaseWinUICs|Any CPU
		{D617CF2A-6CED-4A31-B87C-3A890D0DDE93}.ReleaseWinUICs|Any CPU.Build.0 = ReleaseWinUICs|Any CPU
		{D617CF2A-6CED-4A31-B87C-3A890D0DDE93}.ReleaseWPF|Any CPU.ActiveCfg = ReleaseWPF|Any CPU
		{D617CF2A-6CED-4A31-B87C-3A890D0DDE93}.ReleaseWPF|Any CPU.Build.0 = ReleaseWPF|Any CPU
		{793EC1F7-3418-4AF5-A074-A221EF4A8BEB}.Analyze|Any CPU.ActiveCfg = Debug|Any CPU
		{793EC1F7-3418-4AF5-A074-A221EF4A8BEB}.Analyze|Any CPU.Build.0 = Debug|Any CPU
		{793EC1F7-3418-4AF5-A074-A221EF4A8BEB}.Debug|Any CPU.ActiveCfg = Debug|Any CPU
		{793EC1F7-3418-4AF5-A074-A221EF4A8BEB}.Debug|Any CPU.Build.0 = Debug|Any CPU
		{793EC1F7-3418-4AF5-A074-A221EF4A8BEB}.DebugALL|Any CPU.ActiveCfg = DebugUWP|Any CPU
		{793EC1F7-3418-4AF5-A074-A221EF4A8BEB}.DebugALL|Any CPU.Build.0 = DebugUWP|Any CPU
		{793EC1F7-3418-4AF5-A074-A221EF4A8BEB}.DebugUWP|Any CPU.ActiveCfg = DebugUWP|Any CPU
		{793EC1F7-3418-4AF5-A074-A221EF4A8BEB}.DebugUWP|Any CPU.Build.0 = DebugUWP|Any CPU
		{793EC1F7-3418-4AF5-A074-A221EF4A8BEB}.DebugWinUICpp|Any CPU.ActiveCfg = Debug|Any CPU
		{793EC1F7-3418-4AF5-A074-A221EF4A8BEB}.DebugWinUICs|Any CPU.ActiveCfg = Debug|Any CPU
		{793EC1F7-3418-4AF5-A074-A221EF4A8BEB}.DebugWPF|Any CPU.ActiveCfg = Debug|Any CPU
		{793EC1F7-3418-4AF5-A074-A221EF4A8BEB}.Release|Any CPU.ActiveCfg = Release|Any CPU
		{793EC1F7-3418-4AF5-A074-A221EF4A8BEB}.Release|Any CPU.Build.0 = Release|Any CPU
		{793EC1F7-3418-4AF5-A074-A221EF4A8BEB}.ReleaseUWP|Any CPU.ActiveCfg = ReleaseUWP|Any CPU
		{793EC1F7-3418-4AF5-A074-A221EF4A8BEB}.ReleaseUWP|Any CPU.Build.0 = ReleaseUWP|Any CPU
		{793EC1F7-3418-4AF5-A074-A221EF4A8BEB}.ReleaseWinUICpp|Any CPU.ActiveCfg = Release|Any CPU
		{793EC1F7-3418-4AF5-A074-A221EF4A8BEB}.ReleaseWinUICs|Any CPU.ActiveCfg = Release|Any CPU
		{793EC1F7-3418-4AF5-A074-A221EF4A8BEB}.ReleaseWPF|Any CPU.ActiveCfg = Release|Any CPU
		{4BAA29BE-9854-4DD4-AFC8-DA50BF5752B9}.Analyze|Any CPU.ActiveCfg = Debug|Any CPU
		{4BAA29BE-9854-4DD4-AFC8-DA50BF5752B9}.Analyze|Any CPU.Build.0 = Debug|Any CPU
		{4BAA29BE-9854-4DD4-AFC8-DA50BF5752B9}.Debug|Any CPU.ActiveCfg = Debug|Any CPU
		{4BAA29BE-9854-4DD4-AFC8-DA50BF5752B9}.Debug|Any CPU.Build.0 = Debug|Any CPU
		{4BAA29BE-9854-4DD4-AFC8-DA50BF5752B9}.DebugALL|Any CPU.ActiveCfg = DebugWinUICs|Any CPU
		{4BAA29BE-9854-4DD4-AFC8-DA50BF5752B9}.DebugALL|Any CPU.Build.0 = DebugWinUICs|Any CPU
		{4BAA29BE-9854-4DD4-AFC8-DA50BF5752B9}.DebugUWP|Any CPU.ActiveCfg = Debug|Any CPU
		{4BAA29BE-9854-4DD4-AFC8-DA50BF5752B9}.DebugWinUICpp|Any CPU.ActiveCfg = Debug|Any CPU
		{4BAA29BE-9854-4DD4-AFC8-DA50BF5752B9}.DebugWinUICs|Any CPU.ActiveCfg = DebugWinUICs|Any CPU
		{4BAA29BE-9854-4DD4-AFC8-DA50BF5752B9}.DebugWinUICs|Any CPU.Build.0 = DebugWinUICs|Any CPU
		{4BAA29BE-9854-4DD4-AFC8-DA50BF5752B9}.DebugWPF|Any CPU.ActiveCfg = Debug|Any CPU
		{4BAA29BE-9854-4DD4-AFC8-DA50BF5752B9}.Release|Any CPU.ActiveCfg = Release|Any CPU
		{4BAA29BE-9854-4DD4-AFC8-DA50BF5752B9}.Release|Any CPU.Build.0 = Release|Any CPU
		{4BAA29BE-9854-4DD4-AFC8-DA50BF5752B9}.ReleaseUWP|Any CPU.ActiveCfg = Release|Any CPU
		{4BAA29BE-9854-4DD4-AFC8-DA50BF5752B9}.ReleaseWinUICpp|Any CPU.ActiveCfg = Release|Any CPU
		{4BAA29BE-9854-4DD4-AFC8-DA50BF5752B9}.ReleaseWinUICs|Any CPU.ActiveCfg = ReleaseWinUICs|Any CPU
		{4BAA29BE-9854-4DD4-AFC8-DA50BF5752B9}.ReleaseWinUICs|Any CPU.Build.0 = ReleaseWinUICs|Any CPU
		{4BAA29BE-9854-4DD4-AFC8-DA50BF5752B9}.ReleaseWPF|Any CPU.ActiveCfg = Release|Any CPU
		{5E1508F0-8DF5-4084-BB10-1E50E3D550F7}.Analyze|Any CPU.ActiveCfg = Debug|Any CPU
		{5E1508F0-8DF5-4084-BB10-1E50E3D550F7}.Analyze|Any CPU.Build.0 = Debug|Any CPU
		{5E1508F0-8DF5-4084-BB10-1E50E3D550F7}.Debug|Any CPU.ActiveCfg = Debug|Any CPU
		{5E1508F0-8DF5-4084-BB10-1E50E3D550F7}.Debug|Any CPU.Build.0 = Debug|Any CPU
		{5E1508F0-8DF5-4084-BB10-1E50E3D550F7}.DebugALL|Any CPU.ActiveCfg = DebugWinUICpp|Any CPU
		{5E1508F0-8DF5-4084-BB10-1E50E3D550F7}.DebugALL|Any CPU.Build.0 = DebugWinUICpp|Any CPU
		{5E1508F0-8DF5-4084-BB10-1E50E3D550F7}.DebugUWP|Any CPU.ActiveCfg = Debug|Any CPU
		{5E1508F0-8DF5-4084-BB10-1E50E3D550F7}.DebugWinUICpp|Any CPU.ActiveCfg = DebugWinUICpp|Any CPU
		{5E1508F0-8DF5-4084-BB10-1E50E3D550F7}.DebugWinUICpp|Any CPU.Build.0 = DebugWinUICpp|Any CPU
		{5E1508F0-8DF5-4084-BB10-1E50E3D550F7}.DebugWinUICs|Any CPU.ActiveCfg = Debug|Any CPU
		{5E1508F0-8DF5-4084-BB10-1E50E3D550F7}.DebugWPF|Any CPU.ActiveCfg = Debug|Any CPU
		{5E1508F0-8DF5-4084-BB10-1E50E3D550F7}.Release|Any CPU.ActiveCfg = Release|Any CPU
		{5E1508F0-8DF5-4084-BB10-1E50E3D550F7}.Release|Any CPU.Build.0 = Release|Any CPU
		{5E1508F0-8DF5-4084-BB10-1E50E3D550F7}.ReleaseUWP|Any CPU.ActiveCfg = Release|Any CPU
		{5E1508F0-8DF5-4084-BB10-1E50E3D550F7}.ReleaseWinUICpp|Any CPU.ActiveCfg = ReleaseWinUICpp|Any CPU
		{5E1508F0-8DF5-4084-BB10-1E50E3D550F7}.ReleaseWinUICpp|Any CPU.Build.0 = ReleaseWinUICpp|Any CPU
		{5E1508F0-8DF5-4084-BB10-1E50E3D550F7}.ReleaseWinUICs|Any CPU.ActiveCfg = Release|Any CPU
		{5E1508F0-8DF5-4084-BB10-1E50E3D550F7}.ReleaseWPF|Any CPU.ActiveCfg = Release|Any CPU
		{D53BB989-5FA3-4F0C-B67A-69D61F488723}.Analyze|Any CPU.ActiveCfg = Debug|Any CPU
		{D53BB989-5FA3-4F0C-B67A-69D61F488723}.Analyze|Any CPU.Build.0 = Debug|Any CPU
		{D53BB989-5FA3-4F0C-B67A-69D61F488723}.Debug|Any CPU.ActiveCfg = Debug|Any CPU
		{D53BB989-5FA3-4F0C-B67A-69D61F488723}.Debug|Any CPU.Build.0 = Debug|Any CPU
		{D53BB989-5FA3-4F0C-B67A-69D61F488723}.DebugALL|Any CPU.ActiveCfg = DebugWPF|Any CPU
		{D53BB989-5FA3-4F0C-B67A-69D61F488723}.DebugALL|Any CPU.Build.0 = DebugWPF|Any CPU
		{D53BB989-5FA3-4F0C-B67A-69D61F488723}.DebugUWP|Any CPU.ActiveCfg = Debug|Any CPU
		{D53BB989-5FA3-4F0C-B67A-69D61F488723}.DebugWinUICpp|Any CPU.ActiveCfg = Debug|Any CPU
		{D53BB989-5FA3-4F0C-B67A-69D61F488723}.DebugWinUICs|Any CPU.ActiveCfg = Debug|Any CPU
		{D53BB989-5FA3-4F0C-B67A-69D61F488723}.DebugWPF|Any CPU.ActiveCfg = DebugWPF|Any CPU
		{D53BB989-5FA3-4F0C-B67A-69D61F488723}.DebugWPF|Any CPU.Build.0 = DebugWPF|Any CPU
		{D53BB989-5FA3-4F0C-B67A-69D61F488723}.Release|Any CPU.ActiveCfg = Release|Any CPU
		{D53BB989-5FA3-4F0C-B67A-69D61F488723}.Release|Any CPU.Build.0 = Release|Any CPU
		{D53BB989-5FA3-4F0C-B67A-69D61F488723}.ReleaseUWP|Any CPU.ActiveCfg = Release|Any CPU
		{D53BB989-5FA3-4F0C-B67A-69D61F488723}.ReleaseWinUICpp|Any CPU.ActiveCfg = Release|Any CPU
		{D53BB989-5FA3-4F0C-B67A-69D61F488723}.ReleaseWinUICs|Any CPU.ActiveCfg = Release|Any CPU
		{D53BB989-5FA3-4F0C-B67A-69D61F488723}.ReleaseWPF|Any CPU.ActiveCfg = ReleaseWPF|Any CPU
		{D53BB989-5FA3-4F0C-B67A-69D61F488723}.ReleaseWPF|Any CPU.Build.0 = ReleaseWPF|Any CPU
		{3CEF00D1-B49D-4339-A54C-769E7D2B71BB}.Analyze|Any CPU.ActiveCfg = Debug|Any CPU
		{3CEF00D1-B49D-4339-A54C-769E7D2B71BB}.Analyze|Any CPU.Build.0 = Debug|Any CPU
		{3CEF00D1-B49D-4339-A54C-769E7D2B71BB}.Debug|Any CPU.ActiveCfg = Debug|Any CPU
		{3CEF00D1-B49D-4339-A54C-769E7D2B71BB}.Debug|Any CPU.Build.0 = Debug|Any CPU
		{3CEF00D1-B49D-4339-A54C-769E7D2B71BB}.DebugALL|Any CPU.ActiveCfg = Debug|Any CPU
		{3CEF00D1-B49D-4339-A54C-769E7D2B71BB}.DebugALL|Any CPU.Build.0 = Debug|Any CPU
		{3CEF00D1-B49D-4339-A54C-769E7D2B71BB}.DebugUWP|Any CPU.ActiveCfg = Debug|Any CPU
		{3CEF00D1-B49D-4339-A54C-769E7D2B71BB}.DebugUWP|Any CPU.Build.0 = Debug|Any CPU
		{3CEF00D1-B49D-4339-A54C-769E7D2B71BB}.DebugWinUICpp|Any CPU.ActiveCfg = Debug|Any CPU
		{3CEF00D1-B49D-4339-A54C-769E7D2B71BB}.DebugWinUICpp|Any CPU.Build.0 = Debug|Any CPU
		{3CEF00D1-B49D-4339-A54C-769E7D2B71BB}.DebugWinUICs|Any CPU.ActiveCfg = Debug|Any CPU
		{3CEF00D1-B49D-4339-A54C-769E7D2B71BB}.DebugWinUICs|Any CPU.Build.0 = Debug|Any CPU
		{3CEF00D1-B49D-4339-A54C-769E7D2B71BB}.DebugWPF|Any CPU.ActiveCfg = Debug|Any CPU
		{3CEF00D1-B49D-4339-A54C-769E7D2B71BB}.DebugWPF|Any CPU.Build.0 = Debug|Any CPU
		{3CEF00D1-B49D-4339-A54C-769E7D2B71BB}.Release|Any CPU.ActiveCfg = Release|Any CPU
		{3CEF00D1-B49D-4339-A54C-769E7D2B71BB}.Release|Any CPU.Build.0 = Release|Any CPU
		{3CEF00D1-B49D-4339-A54C-769E7D2B71BB}.ReleaseUWP|Any CPU.ActiveCfg = Release|Any CPU
		{3CEF00D1-B49D-4339-A54C-769E7D2B71BB}.ReleaseUWP|Any CPU.Build.0 = Release|Any CPU
		{3CEF00D1-B49D-4339-A54C-769E7D2B71BB}.ReleaseWinUICpp|Any CPU.ActiveCfg = Release|Any CPU
		{3CEF00D1-B49D-4339-A54C-769E7D2B71BB}.ReleaseWinUICpp|Any CPU.Build.0 = Release|Any CPU
		{3CEF00D1-B49D-4339-A54C-769E7D2B71BB}.ReleaseWinUICs|Any CPU.ActiveCfg = Release|Any CPU
		{3CEF00D1-B49D-4339-A54C-769E7D2B71BB}.ReleaseWinUICs|Any CPU.Build.0 = Release|Any CPU
		{3CEF00D1-B49D-4339-A54C-769E7D2B71BB}.ReleaseWPF|Any CPU.ActiveCfg = Release|Any CPU
		{3CEF00D1-B49D-4339-A54C-769E7D2B71BB}.ReleaseWPF|Any CPU.Build.0 = Release|Any CPU
		{61775323-739F-4765-82B8-FD43ED901A0B}.Analyze|Any CPU.ActiveCfg = Debug|Any CPU
		{61775323-739F-4765-82B8-FD43ED901A0B}.Analyze|Any CPU.Build.0 = Debug|Any CPU
		{61775323-739F-4765-82B8-FD43ED901A0B}.Debug|Any CPU.ActiveCfg = Debug|Any CPU
		{61775323-739F-4765-82B8-FD43ED901A0B}.Debug|Any CPU.Build.0 = Debug|Any CPU
		{61775323-739F-4765-82B8-FD43ED901A0B}.DebugALL|Any CPU.ActiveCfg = Debug|Any CPU
		{61775323-739F-4765-82B8-FD43ED901A0B}.DebugALL|Any CPU.Build.0 = Debug|Any CPU
		{61775323-739F-4765-82B8-FD43ED901A0B}.DebugUWP|Any CPU.ActiveCfg = Debug|Any CPU
		{61775323-739F-4765-82B8-FD43ED901A0B}.DebugUWP|Any CPU.Build.0 = Debug|Any CPU
		{61775323-739F-4765-82B8-FD43ED901A0B}.DebugWinUICpp|Any CPU.ActiveCfg = Debug|Any CPU
		{61775323-739F-4765-82B8-FD43ED901A0B}.DebugWinUICpp|Any CPU.Build.0 = Debug|Any CPU
		{61775323-739F-4765-82B8-FD43ED901A0B}.DebugWinUICs|Any CPU.ActiveCfg = Debug|Any CPU
		{61775323-739F-4765-82B8-FD43ED901A0B}.DebugWinUICs|Any CPU.Build.0 = Debug|Any CPU
		{61775323-739F-4765-82B8-FD43ED901A0B}.DebugWPF|Any CPU.ActiveCfg = Debug|Any CPU
		{61775323-739F-4765-82B8-FD43ED901A0B}.DebugWPF|Any CPU.Build.0 = Debug|Any CPU
		{61775323-739F-4765-82B8-FD43ED901A0B}.Release|Any CPU.ActiveCfg = Release|Any CPU
		{61775323-739F-4765-82B8-FD43ED901A0B}.Release|Any CPU.Build.0 = Release|Any CPU
		{61775323-739F-4765-82B8-FD43ED901A0B}.ReleaseUWP|Any CPU.ActiveCfg = Release|Any CPU
		{61775323-739F-4765-82B8-FD43ED901A0B}.ReleaseUWP|Any CPU.Build.0 = Release|Any CPU
		{61775323-739F-4765-82B8-FD43ED901A0B}.ReleaseWinUICpp|Any CPU.ActiveCfg = Release|Any CPU
		{61775323-739F-4765-82B8-FD43ED901A0B}.ReleaseWinUICpp|Any CPU.Build.0 = Release|Any CPU
		{61775323-739F-4765-82B8-FD43ED901A0B}.ReleaseWinUICs|Any CPU.ActiveCfg = Release|Any CPU
		{61775323-739F-4765-82B8-FD43ED901A0B}.ReleaseWinUICs|Any CPU.Build.0 = Release|Any CPU
		{61775323-739F-4765-82B8-FD43ED901A0B}.ReleaseWPF|Any CPU.ActiveCfg = Release|Any CPU
		{61775323-739F-4765-82B8-FD43ED901A0B}.ReleaseWPF|Any CPU.Build.0 = Release|Any CPU
		{2533EC78-076A-4AD2-90E2-24FF40ED482B}.Analyze|Any CPU.ActiveCfg = Debug|Any CPU
		{2533EC78-076A-4AD2-90E2-24FF40ED482B}.Analyze|Any CPU.Build.0 = Debug|Any CPU
		{2533EC78-076A-4AD2-90E2-24FF40ED482B}.Debug|Any CPU.ActiveCfg = Debug|Any CPU
		{2533EC78-076A-4AD2-90E2-24FF40ED482B}.Debug|Any CPU.Build.0 = Debug|Any CPU
		{2533EC78-076A-4AD2-90E2-24FF40ED482B}.DebugALL|Any CPU.ActiveCfg = Debug|Any CPU
		{2533EC78-076A-4AD2-90E2-24FF40ED482B}.DebugALL|Any CPU.Build.0 = Debug|Any CPU
		{2533EC78-076A-4AD2-90E2-24FF40ED482B}.DebugUWP|Any CPU.ActiveCfg = Debug|Any CPU
		{2533EC78-076A-4AD2-90E2-24FF40ED482B}.DebugUWP|Any CPU.Build.0 = Debug|Any CPU
		{2533EC78-076A-4AD2-90E2-24FF40ED482B}.DebugWinUICpp|Any CPU.ActiveCfg = Debug|Any CPU
		{2533EC78-076A-4AD2-90E2-24FF40ED482B}.DebugWinUICs|Any CPU.ActiveCfg = Debug|Any CPU
		{2533EC78-076A-4AD2-90E2-24FF40ED482B}.DebugWPF|Any CPU.ActiveCfg = Debug|Any CPU
		{2533EC78-076A-4AD2-90E2-24FF40ED482B}.Release|Any CPU.ActiveCfg = Release|Any CPU
		{2533EC78-076A-4AD2-90E2-24FF40ED482B}.Release|Any CPU.Build.0 = Release|Any CPU
		{2533EC78-076A-4AD2-90E2-24FF40ED482B}.ReleaseUWP|Any CPU.ActiveCfg = Release|Any CPU
		{2533EC78-076A-4AD2-90E2-24FF40ED482B}.ReleaseUWP|Any CPU.Build.0 = Release|Any CPU
		{2533EC78-076A-4AD2-90E2-24FF40ED482B}.ReleaseWinUICpp|Any CPU.ActiveCfg = Release|Any CPU
		{2533EC78-076A-4AD2-90E2-24FF40ED482B}.ReleaseWinUICs|Any CPU.ActiveCfg = Release|Any CPU
		{2533EC78-076A-4AD2-90E2-24FF40ED482B}.ReleaseWPF|Any CPU.ActiveCfg = Release|Any CPU
		{5B276821-D5BE-4AE6-A8F8-BD54337AA2D9}.Analyze|Any CPU.ActiveCfg = Debug|Any CPU
		{5B276821-D5BE-4AE6-A8F8-BD54337AA2D9}.Analyze|Any CPU.Build.0 = Debug|Any CPU
		{5B276821-D5BE-4AE6-A8F8-BD54337AA2D9}.Debug|Any CPU.ActiveCfg = Debug|Any CPU
		{5B276821-D5BE-4AE6-A8F8-BD54337AA2D9}.Debug|Any CPU.Build.0 = Debug|Any CPU
		{5B276821-D5BE-4AE6-A8F8-BD54337AA2D9}.DebugALL|Any CPU.ActiveCfg = Debug|Any CPU
		{5B276821-D5BE-4AE6-A8F8-BD54337AA2D9}.DebugALL|Any CPU.Build.0 = Debug|Any CPU
		{5B276821-D5BE-4AE6-A8F8-BD54337AA2D9}.DebugUWP|Any CPU.ActiveCfg = Debug|Any CPU
		{5B276821-D5BE-4AE6-A8F8-BD54337AA2D9}.DebugWinUICpp|Any CPU.ActiveCfg = Debug|Any CPU
		{5B276821-D5BE-4AE6-A8F8-BD54337AA2D9}.DebugWinUICs|Any CPU.ActiveCfg = Debug|Any CPU
		{5B276821-D5BE-4AE6-A8F8-BD54337AA2D9}.DebugWinUICs|Any CPU.Build.0 = Debug|Any CPU
		{5B276821-D5BE-4AE6-A8F8-BD54337AA2D9}.DebugWPF|Any CPU.ActiveCfg = Debug|Any CPU
		{5B276821-D5BE-4AE6-A8F8-BD54337AA2D9}.Release|Any CPU.ActiveCfg = Release|Any CPU
		{5B276821-D5BE-4AE6-A8F8-BD54337AA2D9}.Release|Any CPU.Build.0 = Release|Any CPU
		{5B276821-D5BE-4AE6-A8F8-BD54337AA2D9}.ReleaseUWP|Any CPU.ActiveCfg = Release|Any CPU
		{5B276821-D5BE-4AE6-A8F8-BD54337AA2D9}.ReleaseWinUICpp|Any CPU.ActiveCfg = Release|Any CPU
		{5B276821-D5BE-4AE6-A8F8-BD54337AA2D9}.ReleaseWinUICs|Any CPU.ActiveCfg = Release|Any CPU
		{5B276821-D5BE-4AE6-A8F8-BD54337AA2D9}.ReleaseWinUICs|Any CPU.Build.0 = Release|Any CPU
		{5B276821-D5BE-4AE6-A8F8-BD54337AA2D9}.ReleaseWPF|Any CPU.ActiveCfg = Release|Any CPU
		{2BC38332-4102-4390-AA0F-A20E23D6BD7D}.Analyze|Any CPU.ActiveCfg = Debug|Any CPU
		{2BC38332-4102-4390-AA0F-A20E23D6BD7D}.Analyze|Any CPU.Build.0 = Debug|Any CPU
		{2BC38332-4102-4390-AA0F-A20E23D6BD7D}.Debug|Any CPU.ActiveCfg = Debug|Any CPU
		{2BC38332-4102-4390-AA0F-A20E23D6BD7D}.Debug|Any CPU.Build.0 = Debug|Any CPU
		{2BC38332-4102-4390-AA0F-A20E23D6BD7D}.DebugALL|Any CPU.ActiveCfg = Debug|Any CPU
		{2BC38332-4102-4390-AA0F-A20E23D6BD7D}.DebugALL|Any CPU.Build.0 = Debug|Any CPU
		{2BC38332-4102-4390-AA0F-A20E23D6BD7D}.DebugUWP|Any CPU.ActiveCfg = Debug|Any CPU
		{2BC38332-4102-4390-AA0F-A20E23D6BD7D}.DebugWinUICpp|Any CPU.ActiveCfg = Debug|Any CPU
		{2BC38332-4102-4390-AA0F-A20E23D6BD7D}.DebugWinUICpp|Any CPU.Build.0 = Debug|Any CPU
		{2BC38332-4102-4390-AA0F-A20E23D6BD7D}.DebugWinUICs|Any CPU.ActiveCfg = Debug|Any CPU
		{2BC38332-4102-4390-AA0F-A20E23D6BD7D}.DebugWPF|Any CPU.ActiveCfg = Debug|Any CPU
		{2BC38332-4102-4390-AA0F-A20E23D6BD7D}.Release|Any CPU.ActiveCfg = Release|Any CPU
		{2BC38332-4102-4390-AA0F-A20E23D6BD7D}.Release|Any CPU.Build.0 = Release|Any CPU
		{2BC38332-4102-4390-AA0F-A20E23D6BD7D}.ReleaseUWP|Any CPU.ActiveCfg = Release|Any CPU
		{2BC38332-4102-4390-AA0F-A20E23D6BD7D}.ReleaseWinUICpp|Any CPU.ActiveCfg = Release|Any CPU
		{2BC38332-4102-4390-AA0F-A20E23D6BD7D}.ReleaseWinUICpp|Any CPU.Build.0 = Release|Any CPU
		{2BC38332-4102-4390-AA0F-A20E23D6BD7D}.ReleaseWinUICs|Any CPU.ActiveCfg = Release|Any CPU
		{2BC38332-4102-4390-AA0F-A20E23D6BD7D}.ReleaseWPF|Any CPU.ActiveCfg = Release|Any CPU
		{C662AD69-A1A7-4D95-A0A8-1DD33F537096}.Analyze|Any CPU.ActiveCfg = Debug|Any CPU
		{C662AD69-A1A7-4D95-A0A8-1DD33F537096}.Analyze|Any CPU.Build.0 = Debug|Any CPU
		{C662AD69-A1A7-4D95-A0A8-1DD33F537096}.Debug|Any CPU.ActiveCfg = Debug|Any CPU
		{C662AD69-A1A7-4D95-A0A8-1DD33F537096}.Debug|Any CPU.Build.0 = Debug|Any CPU
		{C662AD69-A1A7-4D95-A0A8-1DD33F537096}.DebugALL|Any CPU.ActiveCfg = Debug|Any CPU
		{C662AD69-A1A7-4D95-A0A8-1DD33F537096}.DebugALL|Any CPU.Build.0 = Debug|Any CPU
		{C662AD69-A1A7-4D95-A0A8-1DD33F537096}.DebugUWP|Any CPU.ActiveCfg = Debug|Any CPU
		{C662AD69-A1A7-4D95-A0A8-1DD33F537096}.DebugWinUICpp|Any CPU.ActiveCfg = Debug|Any CPU
		{C662AD69-A1A7-4D95-A0A8-1DD33F537096}.DebugWinUICs|Any CPU.ActiveCfg = Debug|Any CPU
		{C662AD69-A1A7-4D95-A0A8-1DD33F537096}.DebugWPF|Any CPU.ActiveCfg = Debug|Any CPU
		{C662AD69-A1A7-4D95-A0A8-1DD33F537096}.DebugWPF|Any CPU.Build.0 = Debug|Any CPU
		{C662AD69-A1A7-4D95-A0A8-1DD33F537096}.Release|Any CPU.ActiveCfg = Release|Any CPU
		{C662AD69-A1A7-4D95-A0A8-1DD33F537096}.Release|Any CPU.Build.0 = Release|Any CPU
		{C662AD69-A1A7-4D95-A0A8-1DD33F537096}.ReleaseUWP|Any CPU.ActiveCfg = Release|Any CPU
		{C662AD69-A1A7-4D95-A0A8-1DD33F537096}.ReleaseWinUICpp|Any CPU.ActiveCfg = Release|Any CPU
		{C662AD69-A1A7-4D95-A0A8-1DD33F537096}.ReleaseWinUICs|Any CPU.ActiveCfg = Release|Any CPU
		{C662AD69-A1A7-4D95-A0A8-1DD33F537096}.ReleaseWPF|Any CPU.ActiveCfg = Release|Any CPU
		{C662AD69-A1A7-4D95-A0A8-1DD33F537096}.ReleaseWPF|Any CPU.Build.0 = Release|Any CPU
		{272B516C-0D73-4BA6-A97E-5C82D5C02ABD}.Analyze|Any CPU.ActiveCfg = Analyze|Any CPU
		{272B516C-0D73-4BA6-A97E-5C82D5C02ABD}.Analyze|Any CPU.Build.0 = Analyze|Any CPU
		{272B516C-0D73-4BA6-A97E-5C82D5C02ABD}.Debug|Any CPU.ActiveCfg = Debug|Any CPU
		{272B516C-0D73-4BA6-A97E-5C82D5C02ABD}.Debug|Any CPU.Build.0 = Debug|Any CPU
		{272B516C-0D73-4BA6-A97E-5C82D5C02ABD}.DebugALL|Any CPU.ActiveCfg = Debug|Any CPU
		{272B516C-0D73-4BA6-A97E-5C82D5C02ABD}.DebugALL|Any CPU.Build.0 = Debug|Any CPU
		{272B516C-0D73-4BA6-A97E-5C82D5C02ABD}.DebugUWP|Any CPU.ActiveCfg = Debug|Any CPU
		{272B516C-0D73-4BA6-A97E-5C82D5C02ABD}.DebugUWP|Any CPU.Build.0 = Debug|Any CPU
		{272B516C-0D73-4BA6-A97E-5C82D5C02ABD}.DebugWinUICpp|Any CPU.ActiveCfg = Debug|Any CPU
		{272B516C-0D73-4BA6-A97E-5C82D5C02ABD}.DebugWinUICpp|Any CPU.Build.0 = Debug|Any CPU
		{272B516C-0D73-4BA6-A97E-5C82D5C02ABD}.DebugWinUICs|Any CPU.ActiveCfg = Debug|Any CPU
		{272B516C-0D73-4BA6-A97E-5C82D5C02ABD}.DebugWinUICs|Any CPU.Build.0 = Debug|Any CPU
		{272B516C-0D73-4BA6-A97E-5C82D5C02ABD}.DebugWPF|Any CPU.ActiveCfg = Debug|Any CPU
		{272B516C-0D73-4BA6-A97E-5C82D5C02ABD}.DebugWPF|Any CPU.Build.0 = Debug|Any CPU
		{272B516C-0D73-4BA6-A97E-5C82D5C02ABD}.Release|Any CPU.ActiveCfg = Release|Any CPU
		{272B516C-0D73-4BA6-A97E-5C82D5C02ABD}.Release|Any CPU.Build.0 = Release|Any CPU
		{272B516C-0D73-4BA6-A97E-5C82D5C02ABD}.ReleaseUWP|Any CPU.ActiveCfg = Release|Any CPU
		{272B516C-0D73-4BA6-A97E-5C82D5C02ABD}.ReleaseUWP|Any CPU.Build.0 = Release|Any CPU
		{272B516C-0D73-4BA6-A97E-5C82D5C02ABD}.ReleaseWinUICpp|Any CPU.ActiveCfg = Release|Any CPU
		{272B516C-0D73-4BA6-A97E-5C82D5C02ABD}.ReleaseWinUICpp|Any CPU.Build.0 = Release|Any CPU
		{272B516C-0D73-4BA6-A97E-5C82D5C02ABD}.ReleaseWinUICs|Any CPU.ActiveCfg = Release|Any CPU
		{272B516C-0D73-4BA6-A97E-5C82D5C02ABD}.ReleaseWinUICs|Any CPU.Build.0 = Release|Any CPU
		{272B516C-0D73-4BA6-A97E-5C82D5C02ABD}.ReleaseWPF|Any CPU.ActiveCfg = Release|Any CPU
		{272B516C-0D73-4BA6-A97E-5C82D5C02ABD}.ReleaseWPF|Any CPU.Build.0 = Release|Any CPU
	EndGlobalSection
	GlobalSection(SolutionProperties) = preSolution
		HideSolutionNode = FALSE
	EndGlobalSection
	GlobalSection(NestedProjects) = preSolution
		{CD7ADA01-E1BC-4932-A411-19005D3E9B76} = {309D810A-FB76-489B-B6CE-0B5C7692BBD3}
		{85ACE301-A142-41FC-A148-9D5F78C1ADB4} = {CD7ADA01-E1BC-4932-A411-19005D3E9B76}
		{67C69AF4-747E-4C23-A9D8-E427DB3DD509} = {CD7ADA01-E1BC-4932-A411-19005D3E9B76}
		{A9F0E236-41E2-41B7-BF79-E2F440C58AE0} = {85ACE301-A142-41FC-A148-9D5F78C1ADB4}
		{CD3637EA-BD39-4C34-B3AC-2E2B21E35D7C} = {67C69AF4-747E-4C23-A9D8-E427DB3DD509}
		{05A9FF68-54EB-4B4F-AFA0-7BE5842C2FE5} = {309D810A-FB76-489B-B6CE-0B5C7692BBD3}
		{72F1714A-7EF2-4C11-908A-C9F4E0B2C406} = {05A9FF68-54EB-4B4F-AFA0-7BE5842C2FE5}
		{98849B09-BB00-4680-999E-60CA37011A87} = {72F1714A-7EF2-4C11-908A-C9F4E0B2C406}
		{07E40202-1A70-4879-B540-E9936A0A37E9} = {309D810A-FB76-489B-B6CE-0B5C7692BBD3}
		{3E8C5528-DC2B-4CF8-BACE-322B1C041400} = {07E40202-1A70-4879-B540-E9936A0A37E9}
		{ABD8DE0D-9A47-4004-AFFC-A34829226112} = {07E40202-1A70-4879-B540-E9936A0A37E9}
		{7EDD488B-831B-49C8-ADCC-C3E1D9742936} = {3E8C5528-DC2B-4CF8-BACE-322B1C041400}
		{B00EFD85-FBBB-430D-9C62-DEE0FDB329D8} = {ABD8DE0D-9A47-4004-AFFC-A34829226112}
		{7496482F-BAD2-428D-A337-5DC0137ECA3F} = {7DB775AE-10C1-4CEA-B3F5-E7438C0F420A}
		{3CEF00D1-B49D-4339-A54C-769E7D2B71BB} = {7DB775AE-10C1-4CEA-B3F5-E7438C0F420A}
		{61775323-739F-4765-82B8-FD43ED901A0B} = {7DB775AE-10C1-4CEA-B3F5-E7438C0F420A}
		{2533EC78-076A-4AD2-90E2-24FF40ED482B} = {7DB775AE-10C1-4CEA-B3F5-E7438C0F420A}
		{5B276821-D5BE-4AE6-A8F8-BD54337AA2D9} = {7DB775AE-10C1-4CEA-B3F5-E7438C0F420A}
		{2BC38332-4102-4390-AA0F-A20E23D6BD7D} = {7DB775AE-10C1-4CEA-B3F5-E7438C0F420A}
		{C662AD69-A1A7-4D95-A0A8-1DD33F537096} = {7DB775AE-10C1-4CEA-B3F5-E7438C0F420A}
		{272B516C-0D73-4BA6-A97E-5C82D5C02ABD} = {7DB775AE-10C1-4CEA-B3F5-E7438C0F420A}
	EndGlobalSection
	GlobalSection(ExtensibilityGlobals) = postSolution
		SolutionGuid = {4CD0BFF6-4CE6-484D-87DE-1B972DB7FE29}
	EndGlobalSection
EndGlobal
