
Microsoft Visual Studio Solution File, Format Version 12.00
# Visual Studio 15
VisualStudioVersion = 15.0.26730.10
MinimumVisualStudioVersion = 10.0.40219.1
Project("{FAE04EC0-301F-11D3-BF4B-00C04F79EFBC}") = "UI", "src\UI\UI.csproj", "{DCFD282D-D91C-49B5-8DBF-D943BAFEF5AA}"
EndProject
Project("{2150E333-8FDC-42A3-9474-1A3956D46DE8}") = "test", "test", "{86F4C359-E834-4F42-8627-DC89B3296720}"
EndProject
Project("{FAE04EC0-301F-11D3-BF4B-00C04F79EFBC}") = "VsEmulator", "test\VsEmulator\VsEmulator.csproj", "{272B516C-0D73-4BA6-A97E-5C82D5C02ABD}"
EndProject
Project("{FAE04EC0-301F-11D3-BF4B-00C04F79EFBC}") = "Fakes", "test\Fakes\Fakes.csproj", "{FB3C81AD-823E-409C-BF6D-27534B84A8AF}"
EndProject
Project("{FAE04EC0-301F-11D3-BF4B-00C04F79EFBC}") = "UI.Test", "test\UI.Test\UI.Test.csproj", "{EF7BAA17-A68C-49AA-AA3A-1FE38BEA0306}"
EndProject
Project("{9A19103F-16F7-4668-BE54-9A1E7A4F7556}") = "CoreTemplateStudio.Core", "CoreTemplateStudio\code\src\CoreTemplateStudio\CoreTemplateStudio.Core\CoreTemplateStudio.Core.csproj", "{FD33D72B-51C5-477E-BBC2-9F4CDE9F4C40}"
EndProject
Project("{FAE04EC0-301F-11D3-BF4B-00C04F79EFBC}") = "Utilities", "CoreTemplateStudio\code\src\Utilities\Utilities.csproj", "{356EADB6-D826-494D-B5E1-41245159D5AE}"
EndProject
Global
	GlobalSection(SolutionConfigurationPlatforms) = preSolution
		Analyze|Any CPU = Analyze|Any CPU
		Debug|Any CPU = Debug|Any CPU
		Release|Any CPU = Release|Any CPU
	EndGlobalSection
	GlobalSection(ProjectConfigurationPlatforms) = postSolution
		{DCFD282D-D91C-49B5-8DBF-D943BAFEF5AA}.Analyze|Any CPU.ActiveCfg = Analyze|Any CPU
		{DCFD282D-D91C-49B5-8DBF-D943BAFEF5AA}.Analyze|Any CPU.Build.0 = Analyze|Any CPU
		{DCFD282D-D91C-49B5-8DBF-D943BAFEF5AA}.Debug|Any CPU.ActiveCfg = Debug|Any CPU
		{DCFD282D-D91C-49B5-8DBF-D943BAFEF5AA}.Debug|Any CPU.Build.0 = Debug|Any CPU
		{DCFD282D-D91C-49B5-8DBF-D943BAFEF5AA}.Release|Any CPU.ActiveCfg = Release|Any CPU
		{DCFD282D-D91C-49B5-8DBF-D943BAFEF5AA}.Release|Any CPU.Build.0 = Release|Any CPU
		{272B516C-0D73-4BA6-A97E-5C82D5C02ABD}.Analyze|Any CPU.ActiveCfg = Analyze|Any CPU
		{272B516C-0D73-4BA6-A97E-5C82D5C02ABD}.Analyze|Any CPU.Build.0 = Analyze|Any CPU
		{272B516C-0D73-4BA6-A97E-5C82D5C02ABD}.Debug|Any CPU.ActiveCfg = Debug|Any CPU
		{272B516C-0D73-4BA6-A97E-5C82D5C02ABD}.Debug|Any CPU.Build.0 = Debug|Any CPU
		{272B516C-0D73-4BA6-A97E-5C82D5C02ABD}.Release|Any CPU.ActiveCfg = Release|Any CPU
		{272B516C-0D73-4BA6-A97E-5C82D5C02ABD}.Release|Any CPU.Build.0 = Release|Any CPU
		{FB3C81AD-823E-409C-BF6D-27534B84A8AF}.Analyze|Any CPU.ActiveCfg = Analyze|Any CPU
		{FB3C81AD-823E-409C-BF6D-27534B84A8AF}.Analyze|Any CPU.Build.0 = Analyze|Any CPU
		{FB3C81AD-823E-409C-BF6D-27534B84A8AF}.Debug|Any CPU.ActiveCfg = Debug|Any CPU
		{FB3C81AD-823E-409C-BF6D-27534B84A8AF}.Debug|Any CPU.Build.0 = Debug|Any CPU
		{FB3C81AD-823E-409C-BF6D-27534B84A8AF}.Release|Any CPU.ActiveCfg = Release|Any CPU
		{FB3C81AD-823E-409C-BF6D-27534B84A8AF}.Release|Any CPU.Build.0 = Release|Any CPU
		{EF7BAA17-A68C-49AA-AA3A-1FE38BEA0306}.Analyze|Any CPU.ActiveCfg = Analyze|Any CPU
		{EF7BAA17-A68C-49AA-AA3A-1FE38BEA0306}.Analyze|Any CPU.Build.0 = Analyze|Any CPU
		{EF7BAA17-A68C-49AA-AA3A-1FE38BEA0306}.Debug|Any CPU.ActiveCfg = Debug|Any CPU
		{EF7BAA17-A68C-49AA-AA3A-1FE38BEA0306}.Debug|Any CPU.Build.0 = Debug|Any CPU
		{EF7BAA17-A68C-49AA-AA3A-1FE38BEA0306}.Release|Any CPU.ActiveCfg = Release|Any CPU
		{EF7BAA17-A68C-49AA-AA3A-1FE38BEA0306}.Release|Any CPU.Build.0 = Release|Any CPU
		{FD33D72B-51C5-477E-BBC2-9F4CDE9F4C40}.Analyze|Any CPU.ActiveCfg = Debug|Any CPU
		{FD33D72B-51C5-477E-BBC2-9F4CDE9F4C40}.Analyze|Any CPU.Build.0 = Debug|Any CPU
		{FD33D72B-51C5-477E-BBC2-9F4CDE9F4C40}.Debug|Any CPU.ActiveCfg = Debug|Any CPU
		{FD33D72B-51C5-477E-BBC2-9F4CDE9F4C40}.Debug|Any CPU.Build.0 = Debug|Any CPU
		{FD33D72B-51C5-477E-BBC2-9F4CDE9F4C40}.Release|Any CPU.ActiveCfg = Release|Any CPU
		{FD33D72B-51C5-477E-BBC2-9F4CDE9F4C40}.Release|Any CPU.Build.0 = Release|Any CPU
		{356EADB6-D826-494D-B5E1-41245159D5AE}.Analyze|Any CPU.ActiveCfg = Release|Any CPU
		{356EADB6-D826-494D-B5E1-41245159D5AE}.Analyze|Any CPU.Build.0 = Release|Any CPU
		{356EADB6-D826-494D-B5E1-41245159D5AE}.Debug|Any CPU.ActiveCfg = Debug|Any CPU
		{356EADB6-D826-494D-B5E1-41245159D5AE}.Debug|Any CPU.Build.0 = Debug|Any CPU
		{356EADB6-D826-494D-B5E1-41245159D5AE}.Release|Any CPU.ActiveCfg = Release|Any CPU
		{356EADB6-D826-494D-B5E1-41245159D5AE}.Release|Any CPU.Build.0 = Release|Any CPU
	EndGlobalSection
	GlobalSection(SolutionProperties) = preSolution
		HideSolutionNode = FALSE
	EndGlobalSection
	GlobalSection(NestedProjects) = preSolution
		{272B516C-0D73-4BA6-A97E-5C82D5C02ABD} = {86F4C359-E834-4F42-8627-DC89B3296720}
		{FB3C81AD-823E-409C-BF6D-27534B84A8AF} = {86F4C359-E834-4F42-8627-DC89B3296720}
		{EF7BAA17-A68C-49AA-AA3A-1FE38BEA0306} = {86F4C359-E834-4F42-8627-DC89B3296720}
	EndGlobalSection
	GlobalSection(ExtensibilityGlobals) = postSolution
		SolutionGuid = {1B2AAF57-03BB-468E-AEAB-0DD824E873EA}
	EndGlobalSection
EndGlobal
