
Microsoft Visual Studio Solution File, Format Version 12.00
# Visual Studio 15
VisualStudioVersion = 15.0.27004.2006
MinimumVisualStudioVersion = 10.0.40219.1
Project("{D954291E-2A0B-460D-934E-DC6B0785DB48}") = "XamarinUwpNative", "XamarinUwpNative\XamarinUwpNative\XamarinUwpNative.shproj", "{65FAD1E9-00E5-4EE5-B429-DC24CFA587A3}"
EndProject
Project("{FAE04EC0-301F-11D3-BF4B-00C04F79EFBC}") = "XamarinUwpNative.Android", "XamarinUwpNative\XamarinUwpNative.Android\XamarinUwpNative.Android.csproj", "{BD264A33-2D0B-463E-BCF8-BDB4EF2C2D15}"
EndProject
Project("{FAE04EC0-301F-11D3-BF4B-00C04F79EFBC}") = "XamarinUwpNative.iOS", "XamarinUwpNative\XamarinUwpNative.iOS\XamarinUwpNative.iOS.csproj", "{CC39071C-23AD-4660-933D-4A230A92549F}"
EndProject
Project("{FAE04EC0-301F-11D3-BF4B-00C04F79EFBC}") = "XamarinUwpNative.UWP", "XamarinUwpNative.UWP\XamarinUwpNative.UWP.csproj", "{830C0822-36D4-4B28-972F-FF432248F901}"
EndProject
Global
	GlobalSection(SharedMSBuildProjectFiles) = preSolution
		XamarinUwpNative\XamarinUwpNative\XamarinUwpNative.projitems*{65fad1e9-00e5-4ee5-b429-dc24cfa587a3}*SharedItemsImports = 13
		XamarinUwpNative\XamarinUwpNative\XamarinUwpNative.projitems*{bd264a33-2d0b-463e-bcf8-bdb4ef2c2d15}*SharedItemsImports = 4
		XamarinUwpNative\XamarinUwpNative\XamarinUwpNative.projitems*{cc39071c-23ad-4660-933d-4a230a92549f}*SharedItemsImports = 4
	EndGlobalSection
	GlobalSection(SolutionConfigurationPlatforms) = preSolution
		Ad-Hoc|Any CPU = Ad-Hoc|Any CPU
		Ad-Hoc|ARM = Ad-Hoc|ARM
		Ad-Hoc|iPhone = Ad-Hoc|iPhone
		Ad-Hoc|iPhoneSimulator = Ad-Hoc|iPhoneSimulator
		Ad-Hoc|x64 = Ad-Hoc|x64
		Ad-Hoc|x86 = Ad-Hoc|x86
		AppStore|Any CPU = AppStore|Any CPU
		AppStore|ARM = AppStore|ARM
		AppStore|iPhone = AppStore|iPhone
		AppStore|iPhoneSimulator = AppStore|iPhoneSimulator
		AppStore|x64 = AppStore|x64
		AppStore|x86 = AppStore|x86
		Debug|Any CPU = Debug|Any CPU
		Debug|ARM = Debug|ARM
		Debug|iPhone = Debug|iPhone
		Debug|iPhoneSimulator = Debug|iPhoneSimulator
		Debug|x64 = Debug|x64
		Debug|x86 = Debug|x86
		Release|Any CPU = Release|Any CPU
		Release|ARM = Release|ARM
		Release|iPhone = Release|iPhone
		Release|iPhoneSimulator = Release|iPhoneSimulator
		Release|x64 = Release|x64
		Release|x86 = Release|x86
	EndGlobalSection
	GlobalSection(ProjectConfigurationPlatforms) = postSolution
		{BD264A33-2D0B-463E-BCF8-BDB4EF2C2D15}.Ad-Hoc|Any CPU.ActiveCfg = Release|Any CPU
		{BD264A33-2D0B-463E-BCF8-BDB4EF2C2D15}.Ad-Hoc|Any CPU.Build.0 = Release|Any CPU
		{BD264A33-2D0B-463E-BCF8-BDB4EF2C2D15}.Ad-Hoc|Any CPU.Deploy.0 = Release|Any CPU
		{BD264A33-2D0B-463E-BCF8-BDB4EF2C2D15}.Ad-Hoc|ARM.ActiveCfg = Release|Any CPU
		{BD264A33-2D0B-463E-BCF8-BDB4EF2C2D15}.Ad-Hoc|ARM.Build.0 = Release|Any CPU
		{BD264A33-2D0B-463E-BCF8-BDB4EF2C2D15}.Ad-Hoc|ARM.Deploy.0 = Release|Any CPU
		{BD264A33-2D0B-463E-BCF8-BDB4EF2C2D15}.Ad-Hoc|iPhone.ActiveCfg = Release|Any CPU
		{BD264A33-2D0B-463E-BCF8-BDB4EF2C2D15}.Ad-Hoc|iPhone.Build.0 = Release|Any CPU
		{BD264A33-2D0B-463E-BCF8-BDB4EF2C2D15}.Ad-Hoc|iPhone.Deploy.0 = Release|Any CPU
		{BD264A33-2D0B-463E-BCF8-BDB4EF2C2D15}.Ad-Hoc|iPhoneSimulator.ActiveCfg = Release|Any CPU
		{BD264A33-2D0B-463E-BCF8-BDB4EF2C2D15}.Ad-Hoc|iPhoneSimulator.Build.0 = Release|Any CPU
		{BD264A33-2D0B-463E-BCF8-BDB4EF2C2D15}.Ad-Hoc|iPhoneSimulator.Deploy.0 = Release|Any CPU
		{BD264A33-2D0B-463E-BCF8-BDB4EF2C2D15}.Ad-Hoc|x64.ActiveCfg = Release|Any CPU
		{BD264A33-2D0B-463E-BCF8-BDB4EF2C2D15}.Ad-Hoc|x64.Build.0 = Release|Any CPU
		{BD264A33-2D0B-463E-BCF8-BDB4EF2C2D15}.Ad-Hoc|x64.Deploy.0 = Release|Any CPU
		{BD264A33-2D0B-463E-BCF8-BDB4EF2C2D15}.Ad-Hoc|x86.ActiveCfg = Release|Any CPU
		{BD264A33-2D0B-463E-BCF8-BDB4EF2C2D15}.Ad-Hoc|x86.Build.0 = Release|Any CPU
		{BD264A33-2D0B-463E-BCF8-BDB4EF2C2D15}.Ad-Hoc|x86.Deploy.0 = Release|Any CPU
		{BD264A33-2D0B-463E-BCF8-BDB4EF2C2D15}.AppStore|Any CPU.ActiveCfg = Release|Any CPU
		{BD264A33-2D0B-463E-BCF8-BDB4EF2C2D15}.AppStore|Any CPU.Build.0 = Release|Any CPU
		{BD264A33-2D0B-463E-BCF8-BDB4EF2C2D15}.AppStore|Any CPU.Deploy.0 = Release|Any CPU
		{BD264A33-2D0B-463E-BCF8-BDB4EF2C2D15}.AppStore|ARM.ActiveCfg = Release|Any CPU
		{BD264A33-2D0B-463E-BCF8-BDB4EF2C2D15}.AppStore|ARM.Build.0 = Release|Any CPU
		{BD264A33-2D0B-463E-BCF8-BDB4EF2C2D15}.AppStore|ARM.Deploy.0 = Release|Any CPU
		{BD264A33-2D0B-463E-BCF8-BDB4EF2C2D15}.AppStore|iPhone.ActiveCfg = Release|Any CPU
		{BD264A33-2D0B-463E-BCF8-BDB4EF2C2D15}.AppStore|iPhone.Build.0 = Release|Any CPU
		{BD264A33-2D0B-463E-BCF8-BDB4EF2C2D15}.AppStore|iPhone.Deploy.0 = Release|Any CPU
		{BD264A33-2D0B-463E-BCF8-BDB4EF2C2D15}.AppStore|iPhoneSimulator.ActiveCfg = Release|Any CPU
		{BD264A33-2D0B-463E-BCF8-BDB4EF2C2D15}.AppStore|iPhoneSimulator.Build.0 = Release|Any CPU
		{BD264A33-2D0B-463E-BCF8-BDB4EF2C2D15}.AppStore|iPhoneSimulator.Deploy.0 = Release|Any CPU
		{BD264A33-2D0B-463E-BCF8-BDB4EF2C2D15}.AppStore|x64.ActiveCfg = Release|Any CPU
		{BD264A33-2D0B-463E-BCF8-BDB4EF2C2D15}.AppStore|x64.Build.0 = Release|Any CPU
		{BD264A33-2D0B-463E-BCF8-BDB4EF2C2D15}.AppStore|x64.Deploy.0 = Release|Any CPU
		{BD264A33-2D0B-463E-BCF8-BDB4EF2C2D15}.AppStore|x86.ActiveCfg = Release|Any CPU
		{BD264A33-2D0B-463E-BCF8-BDB4EF2C2D15}.AppStore|x86.Build.0 = Release|Any CPU
		{BD264A33-2D0B-463E-BCF8-BDB4EF2C2D15}.AppStore|x86.Deploy.0 = Release|Any CPU
		{BD264A33-2D0B-463E-BCF8-BDB4EF2C2D15}.Debug|Any CPU.ActiveCfg = Debug|Any CPU
		{BD264A33-2D0B-463E-BCF8-BDB4EF2C2D15}.Debug|Any CPU.Build.0 = Debug|Any CPU
		{BD264A33-2D0B-463E-BCF8-BDB4EF2C2D15}.Debug|Any CPU.Deploy.0 = Debug|Any CPU
		{BD264A33-2D0B-463E-BCF8-BDB4EF2C2D15}.Debug|ARM.ActiveCfg = Debug|Any CPU
		{BD264A33-2D0B-463E-BCF8-BDB4EF2C2D15}.Debug|ARM.Build.0 = Debug|Any CPU
		{BD264A33-2D0B-463E-BCF8-BDB4EF2C2D15}.Debug|ARM.Deploy.0 = Debug|Any CPU
		{BD264A33-2D0B-463E-BCF8-BDB4EF2C2D15}.Debug|iPhone.ActiveCfg = Debug|Any CPU
		{BD264A33-2D0B-463E-BCF8-BDB4EF2C2D15}.Debug|iPhone.Build.0 = Debug|Any CPU
		{BD264A33-2D0B-463E-BCF8-BDB4EF2C2D15}.Debug|iPhone.Deploy.0 = Debug|Any CPU
		{BD264A33-2D0B-463E-BCF8-BDB4EF2C2D15}.Debug|iPhoneSimulator.ActiveCfg = Debug|Any CPU
		{BD264A33-2D0B-463E-BCF8-BDB4EF2C2D15}.Debug|iPhoneSimulator.Build.0 = Debug|Any CPU
		{BD264A33-2D0B-463E-BCF8-BDB4EF2C2D15}.Debug|iPhoneSimulator.Deploy.0 = Debug|Any CPU
		{BD264A33-2D0B-463E-BCF8-BDB4EF2C2D15}.Debug|x64.ActiveCfg = Debug|Any CPU
		{BD264A33-2D0B-463E-BCF8-BDB4EF2C2D15}.Debug|x64.Build.0 = Debug|Any CPU
		{BD264A33-2D0B-463E-BCF8-BDB4EF2C2D15}.Debug|x64.Deploy.0 = Debug|Any CPU
		{BD264A33-2D0B-463E-BCF8-BDB4EF2C2D15}.Debug|x86.ActiveCfg = Debug|Any CPU
		{BD264A33-2D0B-463E-BCF8-BDB4EF2C2D15}.Debug|x86.Build.0 = Debug|Any CPU
		{BD264A33-2D0B-463E-BCF8-BDB4EF2C2D15}.Debug|x86.Deploy.0 = Debug|Any CPU
		{BD264A33-2D0B-463E-BCF8-BDB4EF2C2D15}.Release|Any CPU.ActiveCfg = Release|Any CPU
		{BD264A33-2D0B-463E-BCF8-BDB4EF2C2D15}.Release|Any CPU.Build.0 = Release|Any CPU
		{BD264A33-2D0B-463E-BCF8-BDB4EF2C2D15}.Release|Any CPU.Deploy.0 = Release|Any CPU
		{BD264A33-2D0B-463E-BCF8-BDB4EF2C2D15}.Release|ARM.ActiveCfg = Release|Any CPU
		{BD264A33-2D0B-463E-BCF8-BDB4EF2C2D15}.Release|ARM.Build.0 = Release|Any CPU
		{BD264A33-2D0B-463E-BCF8-BDB4EF2C2D15}.Release|ARM.Deploy.0 = Release|Any CPU
		{BD264A33-2D0B-463E-BCF8-BDB4EF2C2D15}.Release|iPhone.ActiveCfg = Release|Any CPU
		{BD264A33-2D0B-463E-BCF8-BDB4EF2C2D15}.Release|iPhone.Build.0 = Release|Any CPU
		{BD264A33-2D0B-463E-BCF8-BDB4EF2C2D15}.Release|iPhone.Deploy.0 = Release|Any CPU
		{BD264A33-2D0B-463E-BCF8-BDB4EF2C2D15}.Release|iPhoneSimulator.ActiveCfg = Release|Any CPU
		{BD264A33-2D0B-463E-BCF8-BDB4EF2C2D15}.Release|iPhoneSimulator.Build.0 = Release|Any CPU
		{BD264A33-2D0B-463E-BCF8-BDB4EF2C2D15}.Release|iPhoneSimulator.Deploy.0 = Release|Any CPU
		{BD264A33-2D0B-463E-BCF8-BDB4EF2C2D15}.Release|x64.ActiveCfg = Release|Any CPU
		{BD264A33-2D0B-463E-BCF8-BDB4EF2C2D15}.Release|x64.Build.0 = Release|Any CPU
		{BD264A33-2D0B-463E-BCF8-BDB4EF2C2D15}.Release|x64.Deploy.0 = Release|Any CPU
		{BD264A33-2D0B-463E-BCF8-BDB4EF2C2D15}.Release|x86.ActiveCfg = Release|Any CPU
		{BD264A33-2D0B-463E-BCF8-BDB4EF2C2D15}.Release|x86.Build.0 = Release|Any CPU
		{BD264A33-2D0B-463E-BCF8-BDB4EF2C2D15}.Release|x86.Deploy.0 = Release|Any CPU
		{CC39071C-23AD-4660-933D-4A230A92549F}.Ad-Hoc|Any CPU.ActiveCfg = Ad-Hoc|iPhoneSimulator
		{CC39071C-23AD-4660-933D-4A230A92549F}.Ad-Hoc|ARM.ActiveCfg = Ad-Hoc|iPhone
		{CC39071C-23AD-4660-933D-4A230A92549F}.Ad-Hoc|iPhone.ActiveCfg = Ad-Hoc|iPhone
		{CC39071C-23AD-4660-933D-4A230A92549F}.Ad-Hoc|iPhone.Build.0 = Ad-Hoc|iPhone
		{CC39071C-23AD-4660-933D-4A230A92549F}.Ad-Hoc|iPhoneSimulator.ActiveCfg = Ad-Hoc|iPhoneSimulator
		{CC39071C-23AD-4660-933D-4A230A92549F}.Ad-Hoc|iPhoneSimulator.Build.0 = Ad-Hoc|iPhoneSimulator
		{CC39071C-23AD-4660-933D-4A230A92549F}.Ad-Hoc|x64.ActiveCfg = Ad-Hoc|iPhone
		{CC39071C-23AD-4660-933D-4A230A92549F}.Ad-Hoc|x86.ActiveCfg = Ad-Hoc|iPhone
		{CC39071C-23AD-4660-933D-4A230A92549F}.AppStore|Any CPU.ActiveCfg = AppStore|iPhoneSimulator
		{CC39071C-23AD-4660-933D-4A230A92549F}.AppStore|ARM.ActiveCfg = AppStore|iPhone
		{CC39071C-23AD-4660-933D-4A230A92549F}.AppStore|iPhone.ActiveCfg = AppStore|iPhone
		{CC39071C-23AD-4660-933D-4A230A92549F}.AppStore|iPhone.Build.0 = AppStore|iPhone
		{CC39071C-23AD-4660-933D-4A230A92549F}.AppStore|iPhoneSimulator.ActiveCfg = AppStore|iPhoneSimulator
		{CC39071C-23AD-4660-933D-4A230A92549F}.AppStore|iPhoneSimulator.Build.0 = AppStore|iPhoneSimulator
		{CC39071C-23AD-4660-933D-4A230A92549F}.AppStore|x64.ActiveCfg = AppStore|iPhone
		{CC39071C-23AD-4660-933D-4A230A92549F}.AppStore|x86.ActiveCfg = AppStore|iPhone
		{CC39071C-23AD-4660-933D-4A230A92549F}.Debug|Any CPU.ActiveCfg = Debug|iPhoneSimulator
		{CC39071C-23AD-4660-933D-4A230A92549F}.Debug|ARM.ActiveCfg = Debug|iPhone
		{CC39071C-23AD-4660-933D-4A230A92549F}.Debug|iPhone.ActiveCfg = Debug|iPhone
		{CC39071C-23AD-4660-933D-4A230A92549F}.Debug|iPhone.Build.0 = Debug|iPhone
		{CC39071C-23AD-4660-933D-4A230A92549F}.Debug|iPhoneSimulator.ActiveCfg = Debug|iPhoneSimulator
		{CC39071C-23AD-4660-933D-4A230A92549F}.Debug|iPhoneSimulator.Build.0 = Debug|iPhoneSimulator
		{CC39071C-23AD-4660-933D-4A230A92549F}.Debug|x64.ActiveCfg = Debug|iPhone
		{CC39071C-23AD-4660-933D-4A230A92549F}.Debug|x86.ActiveCfg = Debug|iPhone
		{CC39071C-23AD-4660-933D-4A230A92549F}.Release|Any CPU.ActiveCfg = Release|iPhoneSimulator
		{CC39071C-23AD-4660-933D-4A230A92549F}.Release|ARM.ActiveCfg = Release|iPhone
		{CC39071C-23AD-4660-933D-4A230A92549F}.Release|iPhone.ActiveCfg = Release|iPhone
		{CC39071C-23AD-4660-933D-4A230A92549F}.Release|iPhone.Build.0 = Release|iPhone
		{CC39071C-23AD-4660-933D-4A230A92549F}.Release|iPhoneSimulator.ActiveCfg = Release|iPhoneSimulator
		{CC39071C-23AD-4660-933D-4A230A92549F}.Release|iPhoneSimulator.Build.0 = Release|iPhoneSimulator
		{CC39071C-23AD-4660-933D-4A230A92549F}.Release|x64.ActiveCfg = Release|iPhone
		{CC39071C-23AD-4660-933D-4A230A92549F}.Release|x86.ActiveCfg = Release|iPhone
		{830C0822-36D4-4B28-972F-FF432248F901}.Ad-Hoc|Any CPU.ActiveCfg = Release|x64
		{830C0822-36D4-4B28-972F-FF432248F901}.Ad-Hoc|Any CPU.Build.0 = Release|x64
		{830C0822-36D4-4B28-972F-FF432248F901}.Ad-Hoc|Any CPU.Deploy.0 = Release|x64
		{830C0822-36D4-4B28-972F-FF432248F901}.Ad-Hoc|ARM.ActiveCfg = Release|ARM
		{830C0822-36D4-4B28-972F-FF432248F901}.Ad-Hoc|ARM.Build.0 = Release|ARM
		{830C0822-36D4-4B28-972F-FF432248F901}.Ad-Hoc|ARM.Deploy.0 = Release|ARM
		{830C0822-36D4-4B28-972F-FF432248F901}.Ad-Hoc|iPhone.ActiveCfg = Release|x64
		{830C0822-36D4-4B28-972F-FF432248F901}.Ad-Hoc|iPhone.Build.0 = Release|x64
		{830C0822-36D4-4B28-972F-FF432248F901}.Ad-Hoc|iPhone.Deploy.0 = Release|x64
		{830C0822-36D4-4B28-972F-FF432248F901}.Ad-Hoc|iPhoneSimulator.ActiveCfg = Release|x64
		{830C0822-36D4-4B28-972F-FF432248F901}.Ad-Hoc|iPhoneSimulator.Build.0 = Release|x64
		{830C0822-36D4-4B28-972F-FF432248F901}.Ad-Hoc|iPhoneSimulator.Deploy.0 = Release|x64
		{830C0822-36D4-4B28-972F-FF432248F901}.Ad-Hoc|x64.ActiveCfg = Release|x64
		{830C0822-36D4-4B28-972F-FF432248F901}.Ad-Hoc|x64.Build.0 = Release|x64
		{830C0822-36D4-4B28-972F-FF432248F901}.Ad-Hoc|x64.Deploy.0 = Release|x64
		{830C0822-36D4-4B28-972F-FF432248F901}.Ad-Hoc|x86.ActiveCfg = Release|x86
		{830C0822-36D4-4B28-972F-FF432248F901}.Ad-Hoc|x86.Build.0 = Release|x86
		{830C0822-36D4-4B28-972F-FF432248F901}.Ad-Hoc|x86.Deploy.0 = Release|x86
		{830C0822-36D4-4B28-972F-FF432248F901}.AppStore|Any CPU.ActiveCfg = Release|x64
		{830C0822-36D4-4B28-972F-FF432248F901}.AppStore|Any CPU.Build.0 = Release|x64
		{830C0822-36D4-4B28-972F-FF432248F901}.AppStore|Any CPU.Deploy.0 = Release|x64
		{830C0822-36D4-4B28-972F-FF432248F901}.AppStore|ARM.ActiveCfg = Release|ARM
		{830C0822-36D4-4B28-972F-FF432248F901}.AppStore|ARM.Build.0 = Release|ARM
		{830C0822-36D4-4B28-972F-FF432248F901}.AppStore|ARM.Deploy.0 = Release|ARM
		{830C0822-36D4-4B28-972F-FF432248F901}.AppStore|iPhone.ActiveCfg = Release|x64
		{830C0822-36D4-4B28-972F-FF432248F901}.AppStore|iPhone.Build.0 = Release|x64
		{830C0822-36D4-4B28-972F-FF432248F901}.AppStore|iPhone.Deploy.0 = Release|x64
		{830C0822-36D4-4B28-972F-FF432248F901}.AppStore|iPhoneSimulator.ActiveCfg = Release|x64
		{830C0822-36D4-4B28-972F-FF432248F901}.AppStore|iPhoneSimulator.Build.0 = Release|x64
		{830C0822-36D4-4B28-972F-FF432248F901}.AppStore|iPhoneSimulator.Deploy.0 = Release|x64
		{830C0822-36D4-4B28-972F-FF432248F901}.AppStore|x64.ActiveCfg = Release|x64
		{830C0822-36D4-4B28-972F-FF432248F901}.AppStore|x64.Build.0 = Release|x64
		{830C0822-36D4-4B28-972F-FF432248F901}.AppStore|x64.Deploy.0 = Release|x64
		{830C0822-36D4-4B28-972F-FF432248F901}.AppStore|x86.ActiveCfg = Release|x86
		{830C0822-36D4-4B28-972F-FF432248F901}.AppStore|x86.Build.0 = Release|x86
		{830C0822-36D4-4B28-972F-FF432248F901}.AppStore|x86.Deploy.0 = Release|x86
		{830C0822-36D4-4B28-972F-FF432248F901}.Debug|Any CPU.ActiveCfg = Debug|x86
		{830C0822-36D4-4B28-972F-FF432248F901}.Debug|ARM.ActiveCfg = Debug|ARM
		{830C0822-36D4-4B28-972F-FF432248F901}.Debug|ARM.Build.0 = Debug|ARM
		{830C0822-36D4-4B28-972F-FF432248F901}.Debug|ARM.Deploy.0 = Debug|ARM
		{830C0822-36D4-4B28-972F-FF432248F901}.Debug|iPhone.ActiveCfg = Debug|x86
		{830C0822-36D4-4B28-972F-FF432248F901}.Debug|iPhoneSimulator.ActiveCfg = Debug|x86
		{830C0822-36D4-4B28-972F-FF432248F901}.Debug|x64.ActiveCfg = Debug|x64
		{830C0822-36D4-4B28-972F-FF432248F901}.Debug|x64.Build.0 = Debug|x64
		{830C0822-36D4-4B28-972F-FF432248F901}.Debug|x64.Deploy.0 = Debug|x64
		{830C0822-36D4-4B28-972F-FF432248F901}.Debug|x86.ActiveCfg = Debug|x86
		{830C0822-36D4-4B28-972F-FF432248F901}.Debug|x86.Build.0 = Debug|x86
		{830C0822-36D4-4B28-972F-FF432248F901}.Debug|x86.Deploy.0 = Debug|x86
		{830C0822-36D4-4B28-972F-FF432248F901}.Release|Any CPU.ActiveCfg = Release|x86
		{830C0822-36D4-4B28-972F-FF432248F901}.Release|ARM.ActiveCfg = Release|ARM
		{830C0822-36D4-4B28-972F-FF432248F901}.Release|ARM.Build.0 = Release|ARM
		{830C0822-36D4-4B28-972F-FF432248F901}.Release|ARM.Deploy.0 = Release|ARM
		{830C0822-36D4-4B28-972F-FF432248F901}.Release|iPhone.ActiveCfg = Release|x86
		{830C0822-36D4-4B28-972F-FF432248F901}.Release|iPhoneSimulator.ActiveCfg = Release|x86
		{830C0822-36D4-4B28-972F-FF432248F901}.Release|x64.ActiveCfg = Release|x64
		{830C0822-36D4-4B28-972F-FF432248F901}.Release|x64.Build.0 = Release|x64
		{830C0822-36D4-4B28-972F-FF432248F901}.Release|x64.Deploy.0 = Release|x64
		{830C0822-36D4-4B28-972F-FF432248F901}.Release|x86.ActiveCfg = Release|x86
		{830C0822-36D4-4B28-972F-FF432248F901}.Release|x86.Build.0 = Release|x86
		{830C0822-36D4-4B28-972F-FF432248F901}.Release|x86.Deploy.0 = Release|x86
	EndGlobalSection
	GlobalSection(SolutionProperties) = preSolution
		HideSolutionNode = FALSE
	EndGlobalSection
	GlobalSection(ExtensibilityGlobals) = postSolution
		SolutionGuid = {10716EEC-D191-4282-81A6-0E7E9C29DBA6}
	EndGlobalSection
EndGlobal
