
Microsoft Visual Studio Solution File, Format Version 12.00
# Visual Studio 15
VisualStudioVersion = 15.0.27130.2010
MinimumVisualStudioVersion = 10.0.40219.1
Project("{FAE04EC0-301F-11D3-BF4B-00C04F79EFBC}") = "WtsXamarinUWP.Android", "WtsXamarinUWP\WtsXamarinUWP.Android\WtsXamarinUWP.Android.csproj", "{D30B0F6A-D872-41A3-92C3-FE22F272FE84}"
EndProject
Project("{FAE04EC0-301F-11D3-BF4B-00C04F79EFBC}") = "WtsXamarinUWP.iOS", "WtsXamarinUWP\WtsXamarinUWP.iOS\WtsXamarinUWP.iOS.csproj", "{0DFBA403-C350-42D4-853A-0DA40383551B}"
EndProject
Project("{D954291E-2A0B-460D-934E-DC6B0785DB48}") = "WtsXamarinUWP.Mobile", "WtsXamarinUWP\WtsXamarinUWP\WtsXamarinUWP.Mobile.shproj", "{0DB1FDD8-1332-4D55-98B4-0A7F27D1D81A}"
EndProject
Project("{FAE04EC0-301F-11D3-BF4B-00C04F79EFBC}") = "WtsXamarinUWP.UWP", "WtsXamarinUWP.UWP\WtsXamarinUWP.UWP.csproj", "{11B85433-A24D-4A96-9465-1F8E51FD939C}"
EndProject
Project("{D954291E-2A0B-460D-934E-DC6B0785DB48}") = "WtsXamarinUWP.Core", "WtsXamarinUWP.Core\WtsXamarinUWP.Core.shproj", "{89049DB3-D42C-4CE8-8F19-D199FFE2A7C0}"
EndProject
Global
	GlobalSection(SharedMSBuildProjectFiles) = preSolution
		WtsXamarinUWP\WtsXamarinUWP\WtsXamarinUWP.projitems*{0db1fdd8-1332-4d55-98b4-0a7f27d1d81a}*SharedItemsImports = 13
		WtsXamarinUWP.Core\WtsXamarinUWP.Core.projitems*{0dfba403-c350-42d4-853a-0da40383551b}*SharedItemsImports = 4
		WtsXamarinUWP\WtsXamarinUWP\WtsXamarinUWP.projitems*{0dfba403-c350-42d4-853a-0da40383551b}*SharedItemsImports = 4
		WtsXamarinUWP.Core\WtsXamarinUWP.Core.projitems*{11b85433-a24d-4a96-9465-1f8e51fd939c}*SharedItemsImports = 4
		WtsXamarinUWP.Core\WtsXamarinUWP.Core.projitems*{89049db3-d42c-4ce8-8f19-d199ffe2a7c0}*SharedItemsImports = 13
		WtsXamarinUWP.Core\WtsXamarinUWP.Core.projitems*{d30b0f6a-d872-41a3-92c3-fe22f272fe84}*SharedItemsImports = 4
		WtsXamarinUWP\WtsXamarinUWP\WtsXamarinUWP.projitems*{d30b0f6a-d872-41a3-92c3-fe22f272fe84}*SharedItemsImports = 4
	EndGlobalSection
	GlobalSection(SolutionConfigurationPlatforms) = preSolution
		Ad-Hoc|Any CPU = Ad-Hoc|Any CPU
		Ad-Hoc|ARM = Ad-Hoc|ARM
		Ad-Hoc|iPhone = Ad-Hoc|iPhone
		Ad-Hoc|iPhoneSimulator = Ad-Hoc|iPhoneSimulator
		Ad-Hoc|x64 = Ad-Hoc|x64
		Ad-Hoc|x86 = Ad-Hoc|x86
		AppStore|Any CPU = AppStore|Any CPU
		AppStore|ARM = AppStore|ARM
		AppStore|iPhone = AppStore|iPhone
		AppStore|iPhoneSimulator = AppStore|iPhoneSimulator
		AppStore|x64 = AppStore|x64
		AppStore|x86 = AppStore|x86
		Debug|Any CPU = Debug|Any CPU
		Debug|ARM = Debug|ARM
		Debug|iPhone = Debug|iPhone
		Debug|iPhoneSimulator = Debug|iPhoneSimulator
		Debug|x64 = Debug|x64
		Debug|x86 = Debug|x86
		Release|Any CPU = Release|Any CPU
		Release|ARM = Release|ARM
		Release|iPhone = Release|iPhone
		Release|iPhoneSimulator = Release|iPhoneSimulator
		Release|x64 = Release|x64
		Release|x86 = Release|x86
	EndGlobalSection
	GlobalSection(ProjectConfigurationPlatforms) = postSolution
		{D30B0F6A-D872-41A3-92C3-FE22F272FE84}.Ad-Hoc|Any CPU.ActiveCfg = Release|Any CPU
		{D30B0F6A-D872-41A3-92C3-FE22F272FE84}.Ad-Hoc|Any CPU.Build.0 = Release|Any CPU
		{D30B0F6A-D872-41A3-92C3-FE22F272FE84}.Ad-Hoc|Any CPU.Deploy.0 = Release|Any CPU
		{D30B0F6A-D872-41A3-92C3-FE22F272FE84}.Ad-Hoc|ARM.ActiveCfg = Release|Any CPU
		{D30B0F6A-D872-41A3-92C3-FE22F272FE84}.Ad-Hoc|ARM.Build.0 = Release|Any CPU
		{D30B0F6A-D872-41A3-92C3-FE22F272FE84}.Ad-Hoc|ARM.Deploy.0 = Release|Any CPU
		{D30B0F6A-D872-41A3-92C3-FE22F272FE84}.Ad-Hoc|iPhone.ActiveCfg = Release|Any CPU
		{D30B0F6A-D872-41A3-92C3-FE22F272FE84}.Ad-Hoc|iPhone.Build.0 = Release|Any CPU
		{D30B0F6A-D872-41A3-92C3-FE22F272FE84}.Ad-Hoc|iPhone.Deploy.0 = Release|Any CPU
		{D30B0F6A-D872-41A3-92C3-FE22F272FE84}.Ad-Hoc|iPhoneSimulator.ActiveCfg = Release|Any CPU
		{D30B0F6A-D872-41A3-92C3-FE22F272FE84}.Ad-Hoc|iPhoneSimulator.Build.0 = Release|Any CPU
		{D30B0F6A-D872-41A3-92C3-FE22F272FE84}.Ad-Hoc|iPhoneSimulator.Deploy.0 = Release|Any CPU
		{D30B0F6A-D872-41A3-92C3-FE22F272FE84}.Ad-Hoc|x64.ActiveCfg = Release|Any CPU
		{D30B0F6A-D872-41A3-92C3-FE22F272FE84}.Ad-Hoc|x64.Build.0 = Release|Any CPU
		{D30B0F6A-D872-41A3-92C3-FE22F272FE84}.Ad-Hoc|x64.Deploy.0 = Release|Any CPU
		{D30B0F6A-D872-41A3-92C3-FE22F272FE84}.Ad-Hoc|x86.ActiveCfg = Release|Any CPU
		{D30B0F6A-D872-41A3-92C3-FE22F272FE84}.Ad-Hoc|x86.Build.0 = Release|Any CPU
		{D30B0F6A-D872-41A3-92C3-FE22F272FE84}.Ad-Hoc|x86.Deploy.0 = Release|Any CPU
		{D30B0F6A-D872-41A3-92C3-FE22F272FE84}.AppStore|Any CPU.ActiveCfg = Release|Any CPU
		{D30B0F6A-D872-41A3-92C3-FE22F272FE84}.AppStore|Any CPU.Build.0 = Release|Any CPU
		{D30B0F6A-D872-41A3-92C3-FE22F272FE84}.AppStore|Any CPU.Deploy.0 = Release|Any CPU
		{D30B0F6A-D872-41A3-92C3-FE22F272FE84}.AppStore|ARM.ActiveCfg = Release|Any CPU
		{D30B0F6A-D872-41A3-92C3-FE22F272FE84}.AppStore|ARM.Build.0 = Release|Any CPU
		{D30B0F6A-D872-41A3-92C3-FE22F272FE84}.AppStore|ARM.Deploy.0 = Release|Any CPU
		{D30B0F6A-D872-41A3-92C3-FE22F272FE84}.AppStore|iPhone.ActiveCfg = Release|Any CPU
		{D30B0F6A-D872-41A3-92C3-FE22F272FE84}.AppStore|iPhone.Build.0 = Release|Any CPU
		{D30B0F6A-D872-41A3-92C3-FE22F272FE84}.AppStore|iPhone.Deploy.0 = Release|Any CPU
		{D30B0F6A-D872-41A3-92C3-FE22F272FE84}.AppStore|iPhoneSimulator.ActiveCfg = Release|Any CPU
		{D30B0F6A-D872-41A3-92C3-FE22F272FE84}.AppStore|iPhoneSimulator.Build.0 = Release|Any CPU
		{D30B0F6A-D872-41A3-92C3-FE22F272FE84}.AppStore|iPhoneSimulator.Deploy.0 = Release|Any CPU
		{D30B0F6A-D872-41A3-92C3-FE22F272FE84}.AppStore|x64.ActiveCfg = Release|Any CPU
		{D30B0F6A-D872-41A3-92C3-FE22F272FE84}.AppStore|x64.Build.0 = Release|Any CPU
		{D30B0F6A-D872-41A3-92C3-FE22F272FE84}.AppStore|x64.Deploy.0 = Release|Any CPU
		{D30B0F6A-D872-41A3-92C3-FE22F272FE84}.AppStore|x86.ActiveCfg = Release|Any CPU
		{D30B0F6A-D872-41A3-92C3-FE22F272FE84}.AppStore|x86.Build.0 = Release|Any CPU
		{D30B0F6A-D872-41A3-92C3-FE22F272FE84}.AppStore|x86.Deploy.0 = Release|Any CPU
		{D30B0F6A-D872-41A3-92C3-FE22F272FE84}.Debug|Any CPU.ActiveCfg = Debug|Any CPU
		{D30B0F6A-D872-41A3-92C3-FE22F272FE84}.Debug|Any CPU.Build.0 = Debug|Any CPU
		{D30B0F6A-D872-41A3-92C3-FE22F272FE84}.Debug|Any CPU.Deploy.0 = Debug|Any CPU
		{D30B0F6A-D872-41A3-92C3-FE22F272FE84}.Debug|ARM.ActiveCfg = Debug|Any CPU
		{D30B0F6A-D872-41A3-92C3-FE22F272FE84}.Debug|ARM.Build.0 = Debug|Any CPU
		{D30B0F6A-D872-41A3-92C3-FE22F272FE84}.Debug|ARM.Deploy.0 = Debug|Any CPU
		{D30B0F6A-D872-41A3-92C3-FE22F272FE84}.Debug|iPhone.ActiveCfg = Debug|Any CPU
		{D30B0F6A-D872-41A3-92C3-FE22F272FE84}.Debug|iPhone.Build.0 = Debug|Any CPU
		{D30B0F6A-D872-41A3-92C3-FE22F272FE84}.Debug|iPhone.Deploy.0 = Debug|Any CPU
		{D30B0F6A-D872-41A3-92C3-FE22F272FE84}.Debug|iPhoneSimulator.ActiveCfg = Debug|Any CPU
		{D30B0F6A-D872-41A3-92C3-FE22F272FE84}.Debug|iPhoneSimulator.Build.0 = Debug|Any CPU
		{D30B0F6A-D872-41A3-92C3-FE22F272FE84}.Debug|iPhoneSimulator.Deploy.0 = Debug|Any CPU
		{D30B0F6A-D872-41A3-92C3-FE22F272FE84}.Debug|x64.ActiveCfg = Debug|Any CPU
		{D30B0F6A-D872-41A3-92C3-FE22F272FE84}.Debug|x64.Build.0 = Debug|Any CPU
		{D30B0F6A-D872-41A3-92C3-FE22F272FE84}.Debug|x64.Deploy.0 = Debug|Any CPU
		{D30B0F6A-D872-41A3-92C3-FE22F272FE84}.Debug|x86.ActiveCfg = Debug|Any CPU
		{D30B0F6A-D872-41A3-92C3-FE22F272FE84}.Debug|x86.Build.0 = Debug|Any CPU
		{D30B0F6A-D872-41A3-92C3-FE22F272FE84}.Debug|x86.Deploy.0 = Debug|Any CPU
		{D30B0F6A-D872-41A3-92C3-FE22F272FE84}.Release|Any CPU.ActiveCfg = Release|Any CPU
		{D30B0F6A-D872-41A3-92C3-FE22F272FE84}.Release|Any CPU.Build.0 = Release|Any CPU
		{D30B0F6A-D872-41A3-92C3-FE22F272FE84}.Release|Any CPU.Deploy.0 = Release|Any CPU
		{D30B0F6A-D872-41A3-92C3-FE22F272FE84}.Release|ARM.ActiveCfg = Release|Any CPU
		{D30B0F6A-D872-41A3-92C3-FE22F272FE84}.Release|ARM.Build.0 = Release|Any CPU
		{D30B0F6A-D872-41A3-92C3-FE22F272FE84}.Release|ARM.Deploy.0 = Release|Any CPU
		{D30B0F6A-D872-41A3-92C3-FE22F272FE84}.Release|iPhone.ActiveCfg = Release|Any CPU
		{D30B0F6A-D872-41A3-92C3-FE22F272FE84}.Release|iPhone.Build.0 = Release|Any CPU
		{D30B0F6A-D872-41A3-92C3-FE22F272FE84}.Release|iPhone.Deploy.0 = Release|Any CPU
		{D30B0F6A-D872-41A3-92C3-FE22F272FE84}.Release|iPhoneSimulator.ActiveCfg = Release|Any CPU
		{D30B0F6A-D872-41A3-92C3-FE22F272FE84}.Release|iPhoneSimulator.Build.0 = Release|Any CPU
		{D30B0F6A-D872-41A3-92C3-FE22F272FE84}.Release|iPhoneSimulator.Deploy.0 = Release|Any CPU
		{D30B0F6A-D872-41A3-92C3-FE22F272FE84}.Release|x64.ActiveCfg = Release|Any CPU
		{D30B0F6A-D872-41A3-92C3-FE22F272FE84}.Release|x64.Build.0 = Release|Any CPU
		{D30B0F6A-D872-41A3-92C3-FE22F272FE84}.Release|x64.Deploy.0 = Release|Any CPU
		{D30B0F6A-D872-41A3-92C3-FE22F272FE84}.Release|x86.ActiveCfg = Release|Any CPU
		{D30B0F6A-D872-41A3-92C3-FE22F272FE84}.Release|x86.Build.0 = Release|Any CPU
		{D30B0F6A-D872-41A3-92C3-FE22F272FE84}.Release|x86.Deploy.0 = Release|Any CPU
		{0DFBA403-C350-42D4-853A-0DA40383551B}.Ad-Hoc|Any CPU.ActiveCfg = Ad-Hoc|iPhone
		{0DFBA403-C350-42D4-853A-0DA40383551B}.Ad-Hoc|ARM.ActiveCfg = Ad-Hoc|iPhone
		{0DFBA403-C350-42D4-853A-0DA40383551B}.Ad-Hoc|iPhone.ActiveCfg = Ad-Hoc|iPhone
		{0DFBA403-C350-42D4-853A-0DA40383551B}.Ad-Hoc|iPhone.Build.0 = Ad-Hoc|iPhone
		{0DFBA403-C350-42D4-853A-0DA40383551B}.Ad-Hoc|iPhoneSimulator.ActiveCfg = Ad-Hoc|iPhoneSimulator
		{0DFBA403-C350-42D4-853A-0DA40383551B}.Ad-Hoc|iPhoneSimulator.Build.0 = Ad-Hoc|iPhoneSimulator
		{0DFBA403-C350-42D4-853A-0DA40383551B}.Ad-Hoc|x64.ActiveCfg = Ad-Hoc|iPhone
		{0DFBA403-C350-42D4-853A-0DA40383551B}.Ad-Hoc|x86.ActiveCfg = Ad-Hoc|iPhone
		{0DFBA403-C350-42D4-853A-0DA40383551B}.AppStore|Any CPU.ActiveCfg = AppStore|iPhone
		{0DFBA403-C350-42D4-853A-0DA40383551B}.AppStore|ARM.ActiveCfg = AppStore|iPhone
		{0DFBA403-C350-42D4-853A-0DA40383551B}.AppStore|iPhone.ActiveCfg = AppStore|iPhone
		{0DFBA403-C350-42D4-853A-0DA40383551B}.AppStore|iPhone.Build.0 = AppStore|iPhone
		{0DFBA403-C350-42D4-853A-0DA40383551B}.AppStore|iPhoneSimulator.ActiveCfg = AppStore|iPhoneSimulator
		{0DFBA403-C350-42D4-853A-0DA40383551B}.AppStore|iPhoneSimulator.Build.0 = AppStore|iPhoneSimulator
		{0DFBA403-C350-42D4-853A-0DA40383551B}.AppStore|x64.ActiveCfg = AppStore|iPhone
		{0DFBA403-C350-42D4-853A-0DA40383551B}.AppStore|x86.ActiveCfg = AppStore|iPhone
		{0DFBA403-C350-42D4-853A-0DA40383551B}.Debug|Any CPU.ActiveCfg = Debug|iPhone
		{0DFBA403-C350-42D4-853A-0DA40383551B}.Debug|ARM.ActiveCfg = Debug|iPhone
		{0DFBA403-C350-42D4-853A-0DA40383551B}.Debug|iPhone.ActiveCfg = Debug|iPhone
		{0DFBA403-C350-42D4-853A-0DA40383551B}.Debug|iPhone.Build.0 = Debug|iPhone
		{0DFBA403-C350-42D4-853A-0DA40383551B}.Debug|iPhoneSimulator.ActiveCfg = Debug|iPhoneSimulator
		{0DFBA403-C350-42D4-853A-0DA40383551B}.Debug|iPhoneSimulator.Build.0 = Debug|iPhoneSimulator
		{0DFBA403-C350-42D4-853A-0DA40383551B}.Debug|x64.ActiveCfg = Debug|iPhone
		{0DFBA403-C350-42D4-853A-0DA40383551B}.Debug|x86.ActiveCfg = Debug|iPhone
		{0DFBA403-C350-42D4-853A-0DA40383551B}.Release|Any CPU.ActiveCfg = Release|iPhone
		{0DFBA403-C350-42D4-853A-0DA40383551B}.Release|ARM.ActiveCfg = Release|iPhone
		{0DFBA403-C350-42D4-853A-0DA40383551B}.Release|iPhone.ActiveCfg = Release|iPhone
		{0DFBA403-C350-42D4-853A-0DA40383551B}.Release|iPhone.Build.0 = Release|iPhone
		{0DFBA403-C350-42D4-853A-0DA40383551B}.Release|iPhoneSimulator.ActiveCfg = Release|iPhoneSimulator
		{0DFBA403-C350-42D4-853A-0DA40383551B}.Release|iPhoneSimulator.Build.0 = Release|iPhoneSimulator
		{0DFBA403-C350-42D4-853A-0DA40383551B}.Release|x64.ActiveCfg = Release|iPhone
		{0DFBA403-C350-42D4-853A-0DA40383551B}.Release|x86.ActiveCfg = Release|iPhone
		{11B85433-A24D-4A96-9465-1F8E51FD939C}.Ad-Hoc|Any CPU.ActiveCfg = Release|x64
		{11B85433-A24D-4A96-9465-1F8E51FD939C}.Ad-Hoc|Any CPU.Build.0 = Release|x64
		{11B85433-A24D-4A96-9465-1F8E51FD939C}.Ad-Hoc|Any CPU.Deploy.0 = Release|x64
		{11B85433-A24D-4A96-9465-1F8E51FD939C}.Ad-Hoc|ARM.ActiveCfg = Release|ARM
		{11B85433-A24D-4A96-9465-1F8E51FD939C}.Ad-Hoc|ARM.Build.0 = Release|ARM
		{11B85433-A24D-4A96-9465-1F8E51FD939C}.Ad-Hoc|ARM.Deploy.0 = Release|ARM
		{11B85433-A24D-4A96-9465-1F8E51FD939C}.Ad-Hoc|iPhone.ActiveCfg = Release|x64
		{11B85433-A24D-4A96-9465-1F8E51FD939C}.Ad-Hoc|iPhone.Build.0 = Release|x64
		{11B85433-A24D-4A96-9465-1F8E51FD939C}.Ad-Hoc|iPhone.Deploy.0 = Release|x64
		{11B85433-A24D-4A96-9465-1F8E51FD939C}.Ad-Hoc|iPhoneSimulator.ActiveCfg = Release|x64
		{11B85433-A24D-4A96-9465-1F8E51FD939C}.Ad-Hoc|iPhoneSimulator.Build.0 = Release|x64
		{11B85433-A24D-4A96-9465-1F8E51FD939C}.Ad-Hoc|iPhoneSimulator.Deploy.0 = Release|x64
		{11B85433-A24D-4A96-9465-1F8E51FD939C}.Ad-Hoc|x64.ActiveCfg = Release|x64
		{11B85433-A24D-4A96-9465-1F8E51FD939C}.Ad-Hoc|x64.Build.0 = Release|x64
		{11B85433-A24D-4A96-9465-1F8E51FD939C}.Ad-Hoc|x64.Deploy.0 = Release|x64
		{11B85433-A24D-4A96-9465-1F8E51FD939C}.Ad-Hoc|x86.ActiveCfg = Release|x86
		{11B85433-A24D-4A96-9465-1F8E51FD939C}.Ad-Hoc|x86.Build.0 = Release|x86
		{11B85433-A24D-4A96-9465-1F8E51FD939C}.Ad-Hoc|x86.Deploy.0 = Release|x86
		{11B85433-A24D-4A96-9465-1F8E51FD939C}.AppStore|Any CPU.ActiveCfg = Release|x64
		{11B85433-A24D-4A96-9465-1F8E51FD939C}.AppStore|Any CPU.Build.0 = Release|x64
		{11B85433-A24D-4A96-9465-1F8E51FD939C}.AppStore|Any CPU.Deploy.0 = Release|x64
		{11B85433-A24D-4A96-9465-1F8E51FD939C}.AppStore|ARM.ActiveCfg = Release|ARM
		{11B85433-A24D-4A96-9465-1F8E51FD939C}.AppStore|ARM.Build.0 = Release|ARM
		{11B85433-A24D-4A96-9465-1F8E51FD939C}.AppStore|ARM.Deploy.0 = Release|ARM
		{11B85433-A24D-4A96-9465-1F8E51FD939C}.AppStore|iPhone.ActiveCfg = Release|x64
		{11B85433-A24D-4A96-9465-1F8E51FD939C}.AppStore|iPhone.Build.0 = Release|x64
		{11B85433-A24D-4A96-9465-1F8E51FD939C}.AppStore|iPhone.Deploy.0 = Release|x64
		{11B85433-A24D-4A96-9465-1F8E51FD939C}.AppStore|iPhoneSimulator.ActiveCfg = Release|x64
		{11B85433-A24D-4A96-9465-1F8E51FD939C}.AppStore|iPhoneSimulator.Build.0 = Release|x64
		{11B85433-A24D-4A96-9465-1F8E51FD939C}.AppStore|iPhoneSimulator.Deploy.0 = Release|x64
		{11B85433-A24D-4A96-9465-1F8E51FD939C}.AppStore|x64.ActiveCfg = Release|x64
		{11B85433-A24D-4A96-9465-1F8E51FD939C}.AppStore|x64.Build.0 = Release|x64
		{11B85433-A24D-4A96-9465-1F8E51FD939C}.AppStore|x64.Deploy.0 = Release|x64
		{11B85433-A24D-4A96-9465-1F8E51FD939C}.AppStore|x86.ActiveCfg = Release|x86
		{11B85433-A24D-4A96-9465-1F8E51FD939C}.AppStore|x86.Build.0 = Release|x86
		{11B85433-A24D-4A96-9465-1F8E51FD939C}.AppStore|x86.Deploy.0 = Release|x86
		{11B85433-A24D-4A96-9465-1F8E51FD939C}.Debug|Any CPU.ActiveCfg = Debug|x86
		{11B85433-A24D-4A96-9465-1F8E51FD939C}.Debug|ARM.ActiveCfg = Debug|ARM
		{11B85433-A24D-4A96-9465-1F8E51FD939C}.Debug|ARM.Build.0 = Debug|ARM
		{11B85433-A24D-4A96-9465-1F8E51FD939C}.Debug|ARM.Deploy.0 = Debug|ARM
		{11B85433-A24D-4A96-9465-1F8E51FD939C}.Debug|iPhone.ActiveCfg = Debug|x86
		{11B85433-A24D-4A96-9465-1F8E51FD939C}.Debug|iPhoneSimulator.ActiveCfg = Debug|x86
		{11B85433-A24D-4A96-9465-1F8E51FD939C}.Debug|x64.ActiveCfg = Debug|x64
		{11B85433-A24D-4A96-9465-1F8E51FD939C}.Debug|x64.Build.0 = Debug|x64
		{11B85433-A24D-4A96-9465-1F8E51FD939C}.Debug|x64.Deploy.0 = Debug|x64
		{11B85433-A24D-4A96-9465-1F8E51FD939C}.Debug|x86.ActiveCfg = Debug|x86
		{11B85433-A24D-4A96-9465-1F8E51FD939C}.Debug|x86.Build.0 = Debug|x86
		{11B85433-A24D-4A96-9465-1F8E51FD939C}.Debug|x86.Deploy.0 = Debug|x86
		{11B85433-A24D-4A96-9465-1F8E51FD939C}.Release|Any CPU.ActiveCfg = Release|x86
		{11B85433-A24D-4A96-9465-1F8E51FD939C}.Release|ARM.ActiveCfg = Release|ARM
		{11B85433-A24D-4A96-9465-1F8E51FD939C}.Release|ARM.Build.0 = Release|ARM
		{11B85433-A24D-4A96-9465-1F8E51FD939C}.Release|ARM.Deploy.0 = Release|ARM
		{11B85433-A24D-4A96-9465-1F8E51FD939C}.Release|iPhone.ActiveCfg = Release|x86
		{11B85433-A24D-4A96-9465-1F8E51FD939C}.Release|iPhoneSimulator.ActiveCfg = Release|x86
		{11B85433-A24D-4A96-9465-1F8E51FD939C}.Release|x64.ActiveCfg = Release|x64
		{11B85433-A24D-4A96-9465-1F8E51FD939C}.Release|x64.Build.0 = Release|x64
		{11B85433-A24D-4A96-9465-1F8E51FD939C}.Release|x64.Deploy.0 = Release|x64
		{11B85433-A24D-4A96-9465-1F8E51FD939C}.Release|x86.ActiveCfg = Release|x86
		{11B85433-A24D-4A96-9465-1F8E51FD939C}.Release|x86.Build.0 = Release|x86
		{11B85433-A24D-4A96-9465-1F8E51FD939C}.Release|x86.Deploy.0 = Release|x86
	EndGlobalSection
	GlobalSection(SolutionProperties) = preSolution
		HideSolutionNode = FALSE
	EndGlobalSection
	GlobalSection(ExtensibilityGlobals) = postSolution
		SolutionGuid = {8B1270C2-8147-4ADF-815C-7BA69B1C5949}
	EndGlobalSection
EndGlobal
